PODS:
  - Alamofire (5.4.2)
  - IQKeyboardManagerSwift (6.5.6)
  - Realm (5.5.1):
    - Realm/Headers (= 5.5.1)
  - Realm/Headers (5.5.1)
  - RealmSwift (5.5.1):
    - Realm (= 5.5.1)

DEPENDENCIES:
  - Alamofire (~> 5.4.2)
  - IQKeyboardManagerSwift (~> 6.5.6)
  - RealmSwift (~> 5.5.1)

SPEC REPOS:
  trunk:
    - Alamofire
    - IQKeyboardManagerSwift
    - Realm
    - RealmSwift

SPEC CHECKSUMS:
  Alamofire: bfbc4c2fe5909b1d94fb4ef2277c6b3727ef5dae
  IQKeyboardManagerSwift: c7df9d2deb356c04522f5c4b7b6e4ce4d8ed94fe
  Realm: c2ffe0667f9c98c9ba65f608ba85684d39826145
  RealmSwift: 5a35c1c35c3e1925e6fcd092c881d5cc4a826bff

PODFILE CHECKSUM: 37ac3fcaa6051d7a2f6b049df44055ddc0625942

COCOAPODS: 1.10.1
