// !$*UTF8*$!
{
	archiveVersion = 1;
	classes = {
	};
	objectVersion = 50;
	objects = {

/* Begin PBXBuildFile section */
		AC0B89A62111FDA8006CDB7E /* LocationDetailsViewController.swift in Sources */ = {isa = PBXBuildFile; fileRef = AC0B89A52111FDA8006CDB7E /* LocationDetailsViewController.swift */; };
		AC0B89AA21120E39006CDB7E /* LocationDetails.storyboard in Resources */ = {isa = PBXBuildFile; fileRef = AC0B89A921120E39006CDB7E /* LocationDetails.storyboard */; };
		AC171D652103E0C0008747AB /* PlaceImage.swift in Sources */ = {isa = PBXBuildFile; fileRef = AC171D642103E0C0008747AB /* PlaceImage.swift */; };
		AC2E12A9211276D600A5B05E /* UIViewExtensions.swift in Sources */ = {isa = PBXBuildFile; fileRef = AC2E12A8211276D600A5B05E /* UIViewExtensions.swift */; };
		AC2E12AB21171EF600A5B05E /* URLExtensions.swift in Sources */ = {isa = PBXBuildFile; fileRef = AC2E12AA21171EF600A5B05E /* URLExtensions.swift */; };
		AC4334AC21258FA400571802 /* GPXEntry.swift in Sources */ = {isa = PBXBuildFile; fileRef = AC4334AB21258FA400571802 /* GPXEntry.swift */; };
		AC63325520FA95C2007E5D98 /* AppDelegate.swift in Sources */ = {isa = PBXBuildFile; fileRef = AC63325420FA95C2007E5D98 /* AppDelegate.swift */; };
		AC63325720FA95C2007E5D98 /* SkateMapViewController.swift in Sources */ = {isa = PBXBuildFile; fileRef = AC63325620FA95C2007E5D98 /* SkateMapViewController.swift */; };
		AC63325A20FA95C2007E5D98 /* SkateMap.storyboard in Resources */ = {isa = PBXBuildFile; fileRef = AC63325820FA95C2007E5D98 /* SkateMap.storyboard */; };
		AC63325C20FA95C3007E5D98 /* Assets.xcassets in Resources */ = {isa = PBXBuildFile; fileRef = AC63325B20FA95C3007E5D98 /* Assets.xcassets */; };
		AC63325F20FA95C3007E5D98 /* LaunchScreen.storyboard in Resources */ = {isa = PBXBuildFile; fileRef = AC63325D20FA95C3007E5D98 /* LaunchScreen.storyboard */; };
		AC90789121297E6300FC0528 /* ImageViewerViewController.swift in Sources */ = {isa = PBXBuildFile; fileRef = AC90789021297E6300FC0528 /* ImageViewerViewController.swift */; };
		AC907893212997F600FC0528 /* UIImageViewExtensions.swift in Sources */ = {isa = PBXBuildFile; fileRef = AC907892212997F600FC0528 /* UIImageViewExtensions.swift */; };
		AC9078952129B72900FC0528 /* ImagePreviewFullViewCell.swift in Sources */ = {isa = PBXBuildFile; fileRef = AC9078942129B72900FC0528 /* ImagePreviewFullViewCell.swift */; };
		AC975D41212F10660021DC7A /* ImageViewer.storyboard in Resources */ = {isa = PBXBuildFile; fileRef = AC975D40212F10660021DC7A /* ImageViewer.storyboard */; };
		AC9FB99D210369E4002D4C37 /* StringExtensions.swift in Sources */ = {isa = PBXBuildFile; fileRef = AC9FB99C210369E4002D4C37 /* StringExtensions.swift */; };
		AC9FB9A1210372C9002D4C37 /* Waypoint.swift in Sources */ = {isa = PBXBuildFile; fileRef = AC9FB9A0210372C9002D4C37 /* Waypoint.swift */; };
		AC9FB9A72103CB48002D4C37 /* GPXParser.swift in Sources */ = {isa = PBXBuildFile; fileRef = AC9FB9A62103CB48002D4C37 /* GPXParser.swift */; };
		ACA489BB20FA9E890084D9F3 /* Constants.swift in Sources */ = {isa = PBXBuildFile; fileRef = ACA489BA20FA9E890084D9F3 /* Constants.swift */; };
		ACA489BD20FA9EB50084D9F3 /* UIColorExtensions.swift in Sources */ = {isa = PBXBuildFile; fileRef = ACA489BC20FA9EB50084D9F3 /* UIColorExtensions.swift */; };
/* End PBXBuildFile section */

/* Begin PBXFileReference section */
		AC0B89A52111FDA8006CDB7E /* LocationDetailsViewController.swift */ = {isa = PBXFileReference; lastKnownFileType = sourcecode.swift; path = LocationDetailsViewController.swift; sourceTree = "<group>"; };
		AC0B89A921120E39006CDB7E /* LocationDetails.storyboard */ = {isa = PBXFileReference; lastKnownFileType = file.storyboard; path = LocationDetails.storyboard; sourceTree = "<group>"; };
		AC171D642103E0C0008747AB /* PlaceImage.swift */ = {isa = PBXFileReference; lastKnownFileType = sourcecode.swift; path = PlaceImage.swift; sourceTree = "<group>"; };
		AC2E12A8211276D600A5B05E /* UIViewExtensions.swift */ = {isa = PBXFileReference; lastKnownFileType = sourcecode.swift; path = UIViewExtensions.swift; sourceTree = "<group>"; };
		AC2E12AA21171EF600A5B05E /* URLExtensions.swift */ = {isa = PBXFileReference; lastKnownFileType = sourcecode.swift; path = URLExtensions.swift; sourceTree = "<group>"; };
		AC4334AB21258FA400571802 /* GPXEntry.swift */ = {isa = PBXFileReference; fileEncoding = 4; lastKnownFileType = sourcecode.swift; path = GPXEntry.swift; sourceTree = "<group>"; };
		AC63325120FA95C2007E5D98 /* SkateBudapest.app */ = {isa = PBXFileReference; explicitFileType = wrapper.application; includeInIndex = 0; path = SkateBudapest.app; sourceTree = BUILT_PRODUCTS_DIR; };
		AC63325420FA95C2007E5D98 /* AppDelegate.swift */ = {isa = PBXFileReference; lastKnownFileType = sourcecode.swift; path = AppDelegate.swift; sourceTree = "<group>"; };
		AC63325620FA95C2007E5D98 /* SkateMapViewController.swift */ = {isa = PBXFileReference; lastKnownFileType = sourcecode.swift; path = SkateMapViewController.swift; sourceTree = "<group>"; };
		AC63325920FA95C2007E5D98 /* Base */ = {isa = PBXFileReference; lastKnownFileType = file.storyboard; name = Base; path = Base.lproj/SkateMap.storyboard; sourceTree = "<group>"; };
		AC63325B20FA95C3007E5D98 /* Assets.xcassets */ = {isa = PBXFileReference; lastKnownFileType = folder.assetcatalog; path = Assets.xcassets; sourceTree = "<group>"; };
		AC63325E20FA95C3007E5D98 /* Base */ = {isa = PBXFileReference; lastKnownFileType = file.storyboard; name = Base; path = Base.lproj/LaunchScreen.storyboard; sourceTree = "<group>"; };
		AC63326020FA95C3007E5D98 /* Info.plist */ = {isa = PBXFileReference; lastKnownFileType = text.plist.xml; path = Info.plist; sourceTree = "<group>"; };
		AC90789021297E6300FC0528 /* ImageViewerViewController.swift */ = {isa = PBXFileReference; lastKnownFileType = sourcecode.swift; path = ImageViewerViewController.swift; sourceTree = "<group>"; };
		AC907892212997F600FC0528 /* UIImageViewExtensions.swift */ = {isa = PBXFileReference; lastKnownFileType = sourcecode.swift; path = UIImageViewExtensions.swift; sourceTree = "<group>"; };
		AC9078942129B72900FC0528 /* ImagePreviewFullViewCell.swift */ = {isa = PBXFileReference; lastKnownFileType = sourcecode.swift; path = ImagePreviewFullViewCell.swift; sourceTree = "<group>"; };
		AC975D40212F10660021DC7A /* ImageViewer.storyboard */ = {isa = PBXFileReference; lastKnownFileType = file.storyboard; path = ImageViewer.storyboard; sourceTree = "<group>"; };
		AC9FB99C210369E4002D4C37 /* StringExtensions.swift */ = {isa = PBXFileReference; lastKnownFileType = sourcecode.swift; path = StringExtensions.swift; sourceTree = "<group>"; };
		AC9FB9A0210372C9002D4C37 /* Waypoint.swift */ = {isa = PBXFileReference; lastKnownFileType = sourcecode.swift; path = Waypoint.swift; sourceTree = "<group>"; };
		AC9FB9A62103CB48002D4C37 /* GPXParser.swift */ = {isa = PBXFileReference; lastKnownFileType = sourcecode.swift; path = GPXParser.swift; sourceTree = "<group>"; };
		ACA489BA20FA9E890084D9F3 /* Constants.swift */ = {isa = PBXFileReference; lastKnownFileType = sourcecode.swift; path = Constants.swift; sourceTree = "<group>"; };
		ACA489BC20FA9EB50084D9F3 /* UIColorExtensions.swift */ = {isa = PBXFileReference; lastKnownFileType = sourcecode.swift; path = UIColorExtensions.swift; sourceTree = "<group>"; };
		ACB6CF7F2128681C00583F11 /* Budapest, Hungary.gpx */ = {isa = PBXFileReference; lastKnownFileType = text.xml; path = "Budapest, Hungary.gpx"; sourceTree = "<group>"; };
/* End PBXFileReference section */

/* Begin PBXFrameworksBuildPhase section */
		AC63324E20FA95C2007E5D98 /* Frameworks */ = {
			isa = PBXFrameworksBuildPhase;
			buildActionMask = 2147483647;
			files = (
			);
			runOnlyForDeploymentPostprocessing = 0;
		};
/* End PBXFrameworksBuildPhase section */

/* Begin PBXGroup section */
		AC0B89A72111FDBA006CDB7E /* LocationDetails */ = {
			isa = PBXGroup;
			children = (
				AC0B89A82111FDCB006CDB7E /* UI */,
				AC0B89A52111FDA8006CDB7E /* LocationDetailsViewController.swift */,
			);
			path = LocationDetails;
			sourceTree = "<group>";
		};
		AC0B89A82111FDCB006CDB7E /* UI */ = {
			isa = PBXGroup;
			children = (
				AC0B89A921120E39006CDB7E /* LocationDetails.storyboard */,
			);
			path = UI;
			sourceTree = "<group>";
		};
		AC171D5E2103D7CA008747AB /* App flow */ = {
			isa = PBXGroup;
			children = (
				AC171D5F2103D7D4008747AB /* SkateMap */,
				AC0B89A72111FDBA006CDB7E /* LocationDetails */,
				AC975D3E212F10340021DC7A /* ImageViewer */,
			);
			path = "App flow";
			sourceTree = "<group>";
		};
		AC171D5F2103D7D4008747AB /* SkateMap */ = {
			isa = PBXGroup;
			children = (
				AC171D602103D7E6008747AB /* UI */,
				AC63325620FA95C2007E5D98 /* SkateMapViewController.swift */,
			);
			path = SkateMap;
			sourceTree = "<group>";
		};
		AC171D602103D7E6008747AB /* UI */ = {
			isa = PBXGroup;
			children = (
				AC63325D20FA95C3007E5D98 /* LaunchScreen.storyboard */,
				AC63325820FA95C2007E5D98 /* SkateMap.storyboard */,
			);
			path = UI;
			sourceTree = "<group>";
		};
		AC171D612103D847008747AB /* Utility */ = {
			isa = PBXGroup;
			children = (
				AC9FB9A62103CB48002D4C37 /* GPXParser.swift */,
			);
			path = Utility;
			sourceTree = "<group>";
		};
		AC63324820FA95C2007E5D98 = {
			isa = PBXGroup;
			children = (
				AC63325320FA95C2007E5D98 /* SkateBudapest */,
				AC63325220FA95C2007E5D98 /* Products */,
			);
			sourceTree = "<group>";
		};
		AC63325220FA95C2007E5D98 /* Products */ = {
			isa = PBXGroup;
			children = (
				AC63325120FA95C2007E5D98 /* SkateBudapest.app */,
			);
			name = Products;
			sourceTree = "<group>";
		};
		AC63325320FA95C2007E5D98 /* SkateBudapest */ = {
			isa = PBXGroup;
			children = (
				AC63325420FA95C2007E5D98 /* AppDelegate.swift */,
				ACA489BA20FA9E890084D9F3 /* Constants.swift */,
				AC171D5E2103D7CA008747AB /* App flow */,
				AC171D612103D847008747AB /* Utility */,
				AC9FB9A2210374C2002D4C37 /* Model */,
				ACA489BE20FA9EBA0084D9F3 /* Extensions */,
				AC76CF8A20FA973C003ED70F /* Resources */,
				AC76CF8920FA9729003ED70F /* Supporting Files */,
			);
			path = SkateBudapest;
			sourceTree = "<group>";
		};
		AC76CF8920FA9729003ED70F /* Supporting Files */ = {
			isa = PBXGroup;
			children = (
				AC63326020FA95C3007E5D98 /* Info.plist */,
				ACB6CF7F2128681C00583F11 /* Budapest, Hungary.gpx */,
			);
			path = "Supporting Files";
			sourceTree = "<group>";
		};
		AC76CF8A20FA973C003ED70F /* Resources */ = {
			isa = PBXGroup;
			children = (
				AC63325B20FA95C3007E5D98 /* Assets.xcassets */,
			);
			path = Resources;
			sourceTree = "<group>";
		};
		AC975D3E212F10340021DC7A /* ImageViewer */ = {
			isa = PBXGroup;
			children = (
				AC975D3F212F104B0021DC7A /* UI */,
				AC90789021297E6300FC0528 /* ImageViewerViewController.swift */,
				AC9078942129B72900FC0528 /* ImagePreviewFullViewCell.swift */,
			);
			path = ImageViewer;
			sourceTree = "<group>";
		};
		AC975D3F212F104B0021DC7A /* UI */ = {
			isa = PBXGroup;
			children = (
				AC975D40212F10660021DC7A /* ImageViewer.storyboard */,
			);
			path = UI;
			sourceTree = "<group>";
		};
		AC9FB9A2210374C2002D4C37 /* Model */ = {
			isa = PBXGroup;
			children = (
				AC4334AB21258FA400571802 /* GPXEntry.swift */,
				AC9FB9A0210372C9002D4C37 /* Waypoint.swift */,
				AC171D642103E0C0008747AB /* PlaceImage.swift */,
			);
			path = Model;
			sourceTree = "<group>";
		};
		ACA489BE20FA9EBA0084D9F3 /* Extensions */ = {
			isa = PBXGroup;
			children = (
				ACA489BC20FA9EB50084D9F3 /* UIColorExtensions.swift */,
				AC907892212997F600FC0528 /* UIImageViewExtensions.swift */,
				AC2E12A8211276D600A5B05E /* UIViewExtensions.swift */,
				AC2E12AA21171EF600A5B05E /* URLExtensions.swift */,
				AC9FB99C210369E4002D4C37 /* StringExtensions.swift */,
			);
			path = Extensions;
			sourceTree = "<group>";
		};
/* End PBXGroup section */

/* Begin PBXNativeTarget section */
		AC63325020FA95C2007E5D98 /* SkateBudapest */ = {
			isa = PBXNativeTarget;
			buildConfigurationList = AC63326320FA95C3007E5D98 /* Build configuration list for PBXNativeTarget "SkateBudapest" */;
			buildPhases = (
				AC76CF8B20FA977A003ED70F /* SwiftLint */,
				AC63324D20FA95C2007E5D98 /* Sources */,
				AC63324E20FA95C2007E5D98 /* Frameworks */,
				AC63324F20FA95C2007E5D98 /* Resources */,
			);
			buildRules = (
			);
			dependencies = (
			);
			name = SkateBudapest;
			productName = SkateBudapest;
			productReference = AC63325120FA95C2007E5D98 /* SkateBudapest.app */;
			productType = "com.apple.product-type.application";
		};
/* End PBXNativeTarget section */

/* Begin PBXProject section */
		AC63324920FA95C2007E5D98 /* Project object */ = {
			isa = PBXProject;
			attributes = {
				LastSwiftUpdateCheck = 0940;
				LastUpgradeCheck = 0940;
				ORGANIZATIONNAME = "Horváth Balázs";
				TargetAttributes = {
					AC63325020FA95C2007E5D98 = {
						CreatedOnToolsVersion = 9.4.1;
					};
				};
			};
			buildConfigurationList = AC63324C20FA95C2007E5D98 /* Build configuration list for PBXProject "SkateBudapest" */;
			compatibilityVersion = "Xcode 9.3";
			developmentRegion = hu;
			hasScannedForEncodings = 0;
			knownRegions = (
				hu,
				Base,
			);
			mainGroup = AC63324820FA95C2007E5D98;
			productRefGroup = AC63325220FA95C2007E5D98 /* Products */;
			projectDirPath = "";
			projectRoot = "";
			targets = (
				AC63325020FA95C2007E5D98 /* SkateBudapest */,
			);
		};
/* End PBXProject section */

/* Begin PBXResourcesBuildPhase section */
		AC63324F20FA95C2007E5D98 /* Resources */ = {
			isa = PBXResourcesBuildPhase;
			buildActionMask = 2147483647;
			files = (
				AC0B89AA21120E39006CDB7E /* LocationDetails.storyboard in Resources */,
				AC63325F20FA95C3007E5D98 /* LaunchScreen.storyboard in Resources */,
				AC63325C20FA95C3007E5D98 /* Assets.xcassets in Resources */,
				AC63325A20FA95C2007E5D98 /* SkateMap.storyboard in Resources */,
				AC975D41212F10660021DC7A /* ImageViewer.storyboard in Resources */,
			);
			runOnlyForDeploymentPostprocessing = 0;
		};
/* End PBXResourcesBuildPhase section */

/* Begin PBXShellScriptBuildPhase section */
		AC76CF8B20FA977A003ED70F /* SwiftLint */ = {
			isa = PBXShellScriptBuildPhase;
			buildActionMask = 2147483647;
			files = (
			);
			inputPaths = (
			);
			name = SwiftLint;
			outputPaths = (
			);
			runOnlyForDeploymentPostprocessing = 0;
			shellPath = /bin/sh;
			shellScript = "#exit\nif which swiftlint >/dev/null; then\nswiftlint\nelse\necho \"warning: SwiftLint not installed, download from https://github.com/realm/SwiftLint\"\nfi";
		};
/* End PBXShellScriptBuildPhase section */

/* Begin PBXSourcesBuildPhase section */
		AC63324D20FA95C2007E5D98 /* Sources */ = {
			isa = PBXSourcesBuildPhase;
			buildActionMask = 2147483647;
			files = (
				AC907893212997F600FC0528 /* UIImageViewExtensions.swift in Sources */,
				AC63325720FA95C2007E5D98 /* SkateMapViewController.swift in Sources */,
				AC9078952129B72900FC0528 /* ImagePreviewFullViewCell.swift in Sources */,
				AC63325520FA95C2007E5D98 /* AppDelegate.swift in Sources */,
				AC90789121297E6300FC0528 /* ImageViewerViewController.swift in Sources */,
				AC4334AC21258FA400571802 /* GPXEntry.swift in Sources */,
				AC9FB9A1210372C9002D4C37 /* Waypoint.swift in Sources */,
				AC9FB9A72103CB48002D4C37 /* GPXParser.swift in Sources */,
				ACA489BB20FA9E890084D9F3 /* Constants.swift in Sources */,
				AC9FB99D210369E4002D4C37 /* StringExtensions.swift in Sources */,
				AC0B89A62111FDA8006CDB7E /* LocationDetailsViewController.swift in Sources */,
				ACA489BD20FA9EB50084D9F3 /* UIColorExtensions.swift in Sources */,
				AC2E12AB21171EF600A5B05E /* URLExtensions.swift in Sources */,
				AC2E12A9211276D600A5B05E /* UIViewExtensions.swift in Sources */,
				AC171D652103E0C0008747AB /* PlaceImage.swift in Sources */,
			);
			runOnlyForDeploymentPostprocessing = 0;
		};
/* End PBXSourcesBuildPhase section */

/* Begin PBXVariantGroup section */
		AC63325820FA95C2007E5D98 /* SkateMap.storyboard */ = {
			isa = PBXVariantGroup;
			children = (
				AC63325920FA95C2007E5D98 /* Base */,
			);
			name = SkateMap.storyboard;
			sourceTree = "<group>";
		};
		AC63325D20FA95C3007E5D98 /* LaunchScreen.storyboard */ = {
			isa = PBXVariantGroup;
			children = (
				AC63325E20FA95C3007E5D98 /* Base */,
			);
			name = LaunchScreen.storyboard;
			sourceTree = "<group>";
		};
/* End PBXVariantGroup section */

/* Begin XCBuildConfiguration section */
		AC63326120FA95C3007E5D98 /* Debug */ = {
			isa = XCBuildConfiguration;
			buildSettings = {
				ALWAYS_SEARCH_USER_PATHS = NO;
				CLANG_ANALYZER_NONNULL = YES;
				CLANG_ANALYZER_NUMBER_OBJECT_CONVERSION = YES_AGGRESSIVE;
				CLANG_CXX_LANGUAGE_STANDARD = "gnu++14";
				CLANG_CXX_LIBRARY = "libc++";
				CLANG_ENABLE_MODULES = YES;
				CLANG_ENABLE_OBJC_ARC = YES;
				CLANG_ENABLE_OBJC_WEAK = YES;
				CLANG_WARN_BLOCK_CAPTURE_AUTORELEASING = YES;
				CLANG_WARN_BOOL_CONVERSION = YES;
				CLANG_WARN_COMMA = YES;
				CLANG_WARN_CONSTANT_CONVERSION = YES;
				CLANG_WARN_DEPRECATED_OBJC_IMPLEMENTATIONS = YES;
				CLANG_WARN_DIRECT_OBJC_ISA_USAGE = YES_ERROR;
				CLANG_WARN_DOCUMENTATION_COMMENTS = YES;
				CLANG_WARN_EMPTY_BODY = YES;
				CLANG_WARN_ENUM_CONVERSION = YES;
				CLANG_WARN_INFINITE_RECURSION = YES;
				CLANG_WARN_INT_CONVERSION = YES;
				CLANG_WARN_NON_LITERAL_NULL_CONVERSION = YES;
				CLANG_WARN_OBJC_IMPLICIT_RETAIN_SELF = YES;
				CLANG_WARN_OBJC_LITERAL_CONVERSION = YES;
				CLANG_WARN_OBJC_ROOT_CLASS = YES_ERROR;
				CLANG_WARN_RANGE_LOOP_ANALYSIS = YES;
				CLANG_WARN_STRICT_PROTOTYPES = YES;
				CLANG_WARN_SUSPICIOUS_MOVE = YES;
				CLANG_WARN_UNGUARDED_AVAILABILITY = YES_AGGRESSIVE;
				CLANG_WARN_UNREACHABLE_CODE = YES;
				CLANG_WARN__DUPLICATE_METHOD_MATCH = YES;
				CODE_SIGN_IDENTITY = "iPhone Developer";
				COPY_PHASE_STRIP = NO;
				DEBUG_INFORMATION_FORMAT = dwarf;
				ENABLE_STRICT_OBJC_MSGSEND = YES;
				ENABLE_TESTABILITY = YES;
				GCC_C_LANGUAGE_STANDARD = gnu11;
				GCC_DYNAMIC_NO_PIC = NO;
				GCC_NO_COMMON_BLOCKS = YES;
				GCC_OPTIMIZATION_LEVEL = 0;
				GCC_PREPROCESSOR_DEFINITIONS = (
					"DEBUG=1",
					"$(inherited)",
				);
				GCC_WARN_64_TO_32_BIT_CONVERSION = YES;
				GCC_WARN_ABOUT_RETURN_TYPE = YES_ERROR;
				GCC_WARN_UNDECLARED_SELECTOR = YES;
				GCC_WARN_UNINITIALIZED_AUTOS = YES_AGGRESSIVE;
				GCC_WARN_UNUSED_FUNCTION = YES;
				GCC_WARN_UNUSED_VARIABLE = YES;
				IPHONEOS_DEPLOYMENT_TARGET = 11.4;
				MTL_ENABLE_DEBUG_INFO = YES;
				ONLY_ACTIVE_ARCH = YES;
				SDKROOT = iphoneos;
				SWIFT_ACTIVE_COMPILATION_CONDITIONS = DEBUG;
				SWIFT_OPTIMIZATION_LEVEL = "-Onone";
			};
			name = Debug;
		};
		AC63326220FA95C3007E5D98 /* Release */ = {
			isa = XCBuildConfiguration;
			buildSettings = {
				ALWAYS_SEARCH_USER_PATHS = NO;
				CLANG_ANALYZER_NONNULL = YES;
				CLANG_ANALYZER_NUMBER_OBJECT_CONVERSION = YES_AGGRESSIVE;
				CLANG_CXX_LANGUAGE_STANDARD = "gnu++14";
				CLANG_CXX_LIBRARY = "libc++";
				CLANG_ENABLE_MODULES = YES;
				CLANG_ENABLE_OBJC_ARC = YES;
				CLANG_ENABLE_OBJC_WEAK = YES;
				CLANG_WARN_BLOCK_CAPTURE_AUTORELEASING = YES;
				CLANG_WARN_BOOL_CONVERSION = YES;
				CLANG_WARN_COMMA = YES;
				CLANG_WARN_CONSTANT_CONVERSION = YES;
				CLANG_WARN_DEPRECATED_OBJC_IMPLEMENTATIONS = YES;
				CLANG_WARN_DIRECT_OBJC_ISA_USAGE = YES_ERROR;
				CLANG_WARN_DOCUMENTATION_COMMENTS = YES;
				CLANG_WARN_EMPTY_BODY = YES;
				CLANG_WARN_ENUM_CONVERSION = YES;
				CLANG_WARN_INFINITE_RECURSION = YES;
				CLANG_WARN_INT_CONVERSION = YES;
				CLANG_WARN_NON_LITERAL_NULL_CONVERSION = YES;
				CLANG_WARN_OBJC_IMPLICIT_RETAIN_SELF = YES;
				CLANG_WARN_OBJC_LITERAL_CONVERSION = YES;
				CLANG_WARN_OBJC_ROOT_CLASS = YES_ERROR;
				CLANG_WARN_RANGE_LOOP_ANALYSIS = YES;
				CLANG_WARN_STRICT_PROTOTYPES = YES;
				CLANG_WARN_SUSPICIOUS_MOVE = YES;
				CLANG_WARN_UNGUARDED_AVAILABILITY = YES_AGGRESSIVE;
				CLANG_WARN_UNREACHABLE_CODE = YES;
				CLANG_WARN__DUPLICATE_METHOD_MATCH = YES;
				CODE_SIGN_IDENTITY = "iPhone Developer";
				COPY_PHASE_STRIP = NO;
				DEBUG_INFORMATION_FORMAT = "dwarf-with-dsym";
				ENABLE_NS_ASSERTIONS = NO;
				ENABLE_STRICT_OBJC_MSGSEND = YES;
				GCC_C_LANGUAGE_STANDARD = gnu11;
				GCC_NO_COMMON_BLOCKS = YES;
				GCC_WARN_64_TO_32_BIT_CONVERSION = YES;
				GCC_WARN_ABOUT_RETURN_TYPE = YES_ERROR;
				GCC_WARN_UNDECLARED_SELECTOR = YES;
				GCC_WARN_UNINITIALIZED_AUTOS = YES_AGGRESSIVE;
				GCC_WARN_UNUSED_FUNCTION = YES;
				GCC_WARN_UNUSED_VARIABLE = YES;
				IPHONEOS_DEPLOYMENT_TARGET = 11.4;
				MTL_ENABLE_DEBUG_INFO = NO;
				SDKROOT = iphoneos;
				SWIFT_COMPILATION_MODE = wholemodule;
				SWIFT_OPTIMIZATION_LEVEL = "-O";
				VALIDATE_PRODUCT = YES;
			};
			name = Release;
		};
		AC63326420FA95C3007E5D98 /* Debug */ = {
			isa = XCBuildConfiguration;
			buildSettings = {
				ASSETCATALOG_COMPILER_APPICON_NAME = AppIcon;
				CODE_SIGN_STYLE = Automatic;
				DEVELOPMENT_TEAM = UW8QF9DSWQ;
				INFOPLIST_FILE = "$(SRCROOT)/SkateBudapest/Supporting Files/Info.plist";
				IPHONEOS_DEPLOYMENT_TARGET = 10.3;
				LD_RUNPATH_SEARCH_PATHS = (
					"$(inherited)",
					"@executable_path/Frameworks",
				);
				PRODUCT_BUNDLE_IDENTIFIER = com.balazs630.SkateBudapest;
				PRODUCT_NAME = "$(TARGET_NAME)";
				SWIFT_VERSION = 4.0;
				TARGETED_DEVICE_FAMILY = "1,2";
			};
			name = Debug;
		};
		AC63326520FA95C3007E5D98 /* Release */ = {
			isa = XCBuildConfiguration;
			buildSettings = {
				ASSETCATALOG_COMPILER_APPICON_NAME = AppIcon;
				CODE_SIGN_STYLE = Automatic;
				DEVELOPMENT_TEAM = UW8QF9DSWQ;
				INFOPLIST_FILE = "$(SRCROOT)/SkateBudapest/Supporting Files/Info.plist";
				IPHONEOS_DEPLOYMENT_TARGET = 10.3;
				LD_RUNPATH_SEARCH_PATHS = (
					"$(inherited)",
					"@executable_path/Frameworks",
				);
				PRODUCT_BUNDLE_IDENTIFIER = com.balazs630.SkateBudapest;
				PRODUCT_NAME = "$(TARGET_NAME)";
				SWIFT_VERSION = 4.0;
				TARGETED_DEVICE_FAMILY = "1,2";
			};
			name = Release;
		};
/* End XCBuildConfiguration section */

/* Begin XCConfigurationList section */
		AC63324C20FA95C2007E5D98 /* Build configuration list for PBXProject "SkateBudapest" */ = {
			isa = XCConfigurationList;
			buildConfigurations = (
				AC63326120FA95C3007E5D98 /* Debug */,
				AC63326220FA95C3007E5D98 /* Release */,
			);
			defaultConfigurationIsVisible = 0;
			defaultConfigurationName = Release;
		};
		AC63326320FA95C3007E5D98 /* Build configuration list for PBXNativeTarget "SkateBudapest" */ = {
			isa = XCConfigurationList;
			buildConfigurations = (
				AC63326420FA95C3007E5D98 /* Debug */,
				AC63326520FA95C3007E5D98 /* Release */,
			);
			defaultConfigurationIsVisible = 0;
			defaultConfigurationName = Release;
		};
/* End XCConfigurationList section */
	};
	rootObject = AC63324920FA95C2007E5D98 /* Project object */;
}
