// !$*UTF8*$!
{
	archiveVersion = 1;
	classes = {
	};
	objectVersion = 50;
	objects = {

/* Begin PBXBuildFile section */
		71D139B1AAE373A160574D72 /* Pods_SkateBudapest.framework in Frameworks */ = {isa = PBXBuildFile; fileRef = EDBF9272CB4FF371E86764D1 /* Pods_SkateBudapest.framework */; };
		AC033FB22195D04B0005259B /* SkateMap.storyboard in Resources */ = {isa = PBXBuildFile; fileRef = AC033FB12195D04B0005259B /* SkateMap.storyboard */; };
		AC033FB42195D1200005259B /* LaunchScreen.storyboard in Resources */ = {isa = PBXBuildFile; fileRef = AC033FB32195D1200005259B /* LaunchScreen.storyboard */; };
		AC033FDD2195DCEF0005259B /* Localizable.strings in Resources */ = {isa = PBXBuildFile; fileRef = AC033FDF2195DCEF0005259B /* Localizable.strings */; };
		AC0340012195E18B0005259B /* InfoPlist.strings in Resources */ = {isa = PBXBuildFile; fileRef = AC0340032195E18B0005259B /* InfoPlist.strings */; };
		AC0B89A62111FDA8006CDB7E /* LocationDetailsViewController.swift in Sources */ = {isa = PBXBuildFile; fileRef = AC0B89A52111FDA8006CDB7E /* LocationDetailsViewController.swift */; };
		AC0B89AA21120E39006CDB7E /* LocationDetails.storyboard in Resources */ = {isa = PBXBuildFile; fileRef = AC0B89A921120E39006CDB7E /* LocationDetails.storyboard */; };
		AC171D652103E0C0008747AB /* PlaceImage.swift in Sources */ = {isa = PBXBuildFile; fileRef = AC171D642103E0C0008747AB /* PlaceImage.swift */; };
		AC20C31B21A0D22400D09E60 /* UIApplicationExtension.swift in Sources */ = {isa = PBXBuildFile; fileRef = AC20C31A21A0D22400D09E60 /* UIApplicationExtension.swift */; };
		AC26A96C218DD51700641C84 /* LocationManager.swift in Sources */ = {isa = PBXBuildFile; fileRef = AC26A96B218DD51700641C84 /* LocationManager.swift */; };
		AC2D9DA821335523003A6263 /* HalfScreenModalPresentationController.swift in Sources */ = {isa = PBXBuildFile; fileRef = AC2D9DA721335523003A6263 /* HalfScreenModalPresentationController.swift */; };
		AC2D9DAA21335558003A6263 /* AnnotationFilterViewController.swift in Sources */ = {isa = PBXBuildFile; fileRef = AC2D9DA921335558003A6263 /* AnnotationFilterViewController.swift */; };
		AC2E12A9211276D600A5B05E /* UIViewExtensions.swift in Sources */ = {isa = PBXBuildFile; fileRef = AC2E12A8211276D600A5B05E /* UIViewExtensions.swift */; };
		AC2E12AB21171EF600A5B05E /* URLExtensions.swift in Sources */ = {isa = PBXBuildFile; fileRef = AC2E12AA21171EF600A5B05E /* URLExtensions.swift */; };
		AC3D6F42217DCE3200BCDC02 /* RoutingViewController.swift in Sources */ = {isa = PBXBuildFile; fileRef = AC3D6F41217DCE3200BCDC02 /* RoutingViewController.swift */; };
		AC4334AC21258FA400571802 /* GPXEntry.swift in Sources */ = {isa = PBXBuildFile; fileRef = AC4334AB21258FA400571802 /* GPXEntry.swift */; };
		AC63325520FA95C2007E5D98 /* AppDelegate.swift in Sources */ = {isa = PBXBuildFile; fileRef = AC63325420FA95C2007E5D98 /* AppDelegate.swift */; };
		AC63325720FA95C2007E5D98 /* SkateMapViewController.swift in Sources */ = {isa = PBXBuildFile; fileRef = AC63325620FA95C2007E5D98 /* SkateMapViewController.swift */; };
		AC63325C20FA95C3007E5D98 /* Assets.xcassets in Resources */ = {isa = PBXBuildFile; fileRef = AC63325B20FA95C3007E5D98 /* Assets.xcassets */; };
		AC9003FD2193704E0007F7E5 /* Main.storyboard in Resources */ = {isa = PBXBuildFile; fileRef = AC9003FC2193704E0007F7E5 /* Main.storyboard */; };
		AC900401219375B90007F7E5 /* SendPlace.storyboard in Resources */ = {isa = PBXBuildFile; fileRef = AC900400219375B90007F7E5 /* SendPlace.storyboard */; };
		AC90789121297E6300FC0528 /* ImageViewerViewController.swift in Sources */ = {isa = PBXBuildFile; fileRef = AC90789021297E6300FC0528 /* ImageViewerViewController.swift */; };
		AC907893212997F600FC0528 /* UIImageViewExtensions.swift in Sources */ = {isa = PBXBuildFile; fileRef = AC907892212997F600FC0528 /* UIImageViewExtensions.swift */; };
		AC9078952129B72900FC0528 /* ImagePreviewFullViewCell.swift in Sources */ = {isa = PBXBuildFile; fileRef = AC9078942129B72900FC0528 /* ImagePreviewFullViewCell.swift */; };
		AC947F68219E2BDD005007C4 /* SubmitPlaceViewController.swift in Sources */ = {isa = PBXBuildFile; fileRef = AC947F67219E2BDD005007C4 /* SubmitPlaceViewController.swift */; };
		AC95CF5F2157C72000D90F04 /* TimeIntervalExtensions.swift in Sources */ = {isa = PBXBuildFile; fileRef = AC95CF5E2157C72000D90F04 /* TimeIntervalExtensions.swift */; };
		AC9FB99D210369E4002D4C37 /* StringExtensions.swift in Sources */ = {isa = PBXBuildFile; fileRef = AC9FB99C210369E4002D4C37 /* StringExtensions.swift */; };
		AC9FB9A1210372C9002D4C37 /* Waypoint.swift in Sources */ = {isa = PBXBuildFile; fileRef = AC9FB9A0210372C9002D4C37 /* Waypoint.swift */; };
		AC9FB9A72103CB48002D4C37 /* GPXParser.swift in Sources */ = {isa = PBXBuildFile; fileRef = AC9FB9A62103CB48002D4C37 /* GPXParser.swift */; };
		ACA489BB20FA9E890084D9F3 /* Constants.swift in Sources */ = {isa = PBXBuildFile; fileRef = ACA489BA20FA9E890084D9F3 /* Constants.swift */; };
		ACA489BD20FA9EB50084D9F3 /* UIColorExtensions.swift in Sources */ = {isa = PBXBuildFile; fileRef = ACA489BC20FA9EB50084D9F3 /* UIColorExtensions.swift */; };
/* End PBXBuildFile section */

/* Begin PBXFileReference section */
		5BFA439337F32B88E74100A9 /* Pods-SkateBudapest.debug.xcconfig */ = {isa = PBXFileReference; includeInIndex = 1; lastKnownFileType = text.xcconfig; name = "Pods-SkateBudapest.debug.xcconfig"; path = "Pods/Target Support Files/Pods-SkateBudapest/Pods-SkateBudapest.debug.xcconfig"; sourceTree = "<group>"; };
		8F4E8B82433073F1FF792AD8 /* Pods-SkateBudapest.release.xcconfig */ = {isa = PBXFileReference; includeInIndex = 1; lastKnownFileType = text.xcconfig; name = "Pods-SkateBudapest.release.xcconfig"; path = "Pods/Target Support Files/Pods-SkateBudapest/Pods-SkateBudapest.release.xcconfig"; sourceTree = "<group>"; };
		AC033FB12195D04B0005259B /* SkateMap.storyboard */ = {isa = PBXFileReference; lastKnownFileType = file.storyboard; path = SkateMap.storyboard; sourceTree = "<group>"; };
		AC033FB32195D1200005259B /* LaunchScreen.storyboard */ = {isa = PBXFileReference; lastKnownFileType = file.storyboard; path = LaunchScreen.storyboard; sourceTree = "<group>"; };
		AC033FDE2195DCEF0005259B /* en */ = {isa = PBXFileReference; lastKnownFileType = text.plist.strings; name = en; path = en.lproj/Localizable.strings; sourceTree = "<group>"; };
		AC033FE02195DCF10005259B /* hu */ = {isa = PBXFileReference; lastKnownFileType = text.plist.strings; name = hu; path = hu.lproj/Localizable.strings; sourceTree = "<group>"; };
		AC0340022195E18B0005259B /* en */ = {isa = PBXFileReference; lastKnownFileType = text.plist.strings; name = en; path = en.lproj/InfoPlist.strings; sourceTree = "<group>"; };
		AC0340042195E18C0005259B /* hu */ = {isa = PBXFileReference; lastKnownFileType = text.plist.strings; name = hu; path = hu.lproj/InfoPlist.strings; sourceTree = "<group>"; };
		AC0B89A52111FDA8006CDB7E /* LocationDetailsViewController.swift */ = {isa = PBXFileReference; lastKnownFileType = sourcecode.swift; path = LocationDetailsViewController.swift; sourceTree = "<group>"; };
		AC0B89A921120E39006CDB7E /* LocationDetails.storyboard */ = {isa = PBXFileReference; lastKnownFileType = file.storyboard; path = LocationDetails.storyboard; sourceTree = "<group>"; };
		AC171D642103E0C0008747AB /* PlaceImage.swift */ = {isa = PBXFileReference; lastKnownFileType = sourcecode.swift; path = PlaceImage.swift; sourceTree = "<group>"; };
		AC20C31A21A0D22400D09E60 /* UIApplicationExtension.swift */ = {isa = PBXFileReference; lastKnownFileType = sourcecode.swift; path = UIApplicationExtension.swift; sourceTree = "<group>"; };
		AC26A96B218DD51700641C84 /* LocationManager.swift */ = {isa = PBXFileReference; lastKnownFileType = sourcecode.swift; path = LocationManager.swift; sourceTree = "<group>"; };
		AC2D9DA721335523003A6263 /* HalfScreenModalPresentationController.swift */ = {isa = PBXFileReference; lastKnownFileType = sourcecode.swift; path = HalfScreenModalPresentationController.swift; sourceTree = "<group>"; };
		AC2D9DA921335558003A6263 /* AnnotationFilterViewController.swift */ = {isa = PBXFileReference; lastKnownFileType = sourcecode.swift; path = AnnotationFilterViewController.swift; sourceTree = "<group>"; };
		AC2E12A8211276D600A5B05E /* UIViewExtensions.swift */ = {isa = PBXFileReference; lastKnownFileType = sourcecode.swift; path = UIViewExtensions.swift; sourceTree = "<group>"; };
		AC2E12AA21171EF600A5B05E /* URLExtensions.swift */ = {isa = PBXFileReference; lastKnownFileType = sourcecode.swift; path = URLExtensions.swift; sourceTree = "<group>"; };
		AC3D6F41217DCE3200BCDC02 /* RoutingViewController.swift */ = {isa = PBXFileReference; lastKnownFileType = sourcecode.swift; path = RoutingViewController.swift; sourceTree = "<group>"; };
		AC4334AB21258FA400571802 /* GPXEntry.swift */ = {isa = PBXFileReference; fileEncoding = 4; lastKnownFileType = sourcecode.swift; path = GPXEntry.swift; sourceTree = "<group>"; };
		AC63325120FA95C2007E5D98 /* SkateBudapest.app */ = {isa = PBXFileReference; explicitFileType = wrapper.application; includeInIndex = 0; path = SkateBudapest.app; sourceTree = BUILT_PRODUCTS_DIR; };
		AC63325420FA95C2007E5D98 /* AppDelegate.swift */ = {isa = PBXFileReference; lastKnownFileType = sourcecode.swift; path = AppDelegate.swift; sourceTree = "<group>"; };
		AC63325620FA95C2007E5D98 /* SkateMapViewController.swift */ = {isa = PBXFileReference; lastKnownFileType = sourcecode.swift; path = SkateMapViewController.swift; sourceTree = "<group>"; };
		AC63325B20FA95C3007E5D98 /* Assets.xcassets */ = {isa = PBXFileReference; lastKnownFileType = folder.assetcatalog; path = Assets.xcassets; sourceTree = "<group>"; };
		AC63326020FA95C3007E5D98 /* Info.plist */ = {isa = PBXFileReference; lastKnownFileType = text.plist.xml; path = Info.plist; sourceTree = "<group>"; };
		AC9003FC2193704E0007F7E5 /* Main.storyboard */ = {isa = PBXFileReference; lastKnownFileType = file.storyboard; path = Main.storyboard; sourceTree = "<group>"; };
		AC900400219375B90007F7E5 /* SendPlace.storyboard */ = {isa = PBXFileReference; lastKnownFileType = file.storyboard; path = SendPlace.storyboard; sourceTree = "<group>"; };
		AC90789021297E6300FC0528 /* ImageViewerViewController.swift */ = {isa = PBXFileReference; lastKnownFileType = sourcecode.swift; path = ImageViewerViewController.swift; sourceTree = "<group>"; };
		AC907892212997F600FC0528 /* UIImageViewExtensions.swift */ = {isa = PBXFileReference; lastKnownFileType = sourcecode.swift; path = UIImageViewExtensions.swift; sourceTree = "<group>"; };
		AC9078942129B72900FC0528 /* ImagePreviewFullViewCell.swift */ = {isa = PBXFileReference; lastKnownFileType = sourcecode.swift; path = ImagePreviewFullViewCell.swift; sourceTree = "<group>"; };
		AC947F67219E2BDD005007C4 /* SubmitPlaceViewController.swift */ = {isa = PBXFileReference; lastKnownFileType = sourcecode.swift; path = SubmitPlaceViewController.swift; sourceTree = "<group>"; };
		AC95CF5E2157C72000D90F04 /* TimeIntervalExtensions.swift */ = {isa = PBXFileReference; lastKnownFileType = sourcecode.swift; path = TimeIntervalExtensions.swift; sourceTree = "<group>"; };
		AC9FB99C210369E4002D4C37 /* StringExtensions.swift */ = {isa = PBXFileReference; lastKnownFileType = sourcecode.swift; path = StringExtensions.swift; sourceTree = "<group>"; };
		AC9FB9A0210372C9002D4C37 /* Waypoint.swift */ = {isa = PBXFileReference; lastKnownFileType = sourcecode.swift; path = Waypoint.swift; sourceTree = "<group>"; };
		AC9FB9A62103CB48002D4C37 /* GPXParser.swift */ = {isa = PBXFileReference; lastKnownFileType = sourcecode.swift; path = GPXParser.swift; sourceTree = "<group>"; };
		ACA489BA20FA9E890084D9F3 /* Constants.swift */ = {isa = PBXFileReference; lastKnownFileType = sourcecode.swift; path = Constants.swift; sourceTree = "<group>"; };
		ACA489BC20FA9EB50084D9F3 /* UIColorExtensions.swift */ = {isa = PBXFileReference; lastKnownFileType = sourcecode.swift; path = UIColorExtensions.swift; sourceTree = "<group>"; };
		ACB6CF7F2128681C00583F11 /* Budapest, Hungary.gpx */ = {isa = PBXFileReference; lastKnownFileType = text.xml; path = "Budapest, Hungary.gpx"; sourceTree = "<group>"; };
		EDBF9272CB4FF371E86764D1 /* Pods_SkateBudapest.framework */ = {isa = PBXFileReference; explicitFileType = wrapper.framework; includeInIndex = 0; path = Pods_SkateBudapest.framework; sourceTree = BUILT_PRODUCTS_DIR; };
/* End PBXFileReference section */

/* Begin PBXFrameworksBuildPhase section */
		AC63324E20FA95C2007E5D98 /* Frameworks */ = {
			isa = PBXFrameworksBuildPhase;
			buildActionMask = 2147483647;
			files = (
				71D139B1AAE373A160574D72 /* Pods_SkateBudapest.framework in Frameworks */,
			);
			runOnlyForDeploymentPostprocessing = 0;
		};
/* End PBXFrameworksBuildPhase section */

/* Begin PBXGroup section */
		47704572B094EB0E34445C14 /* Frameworks */ = {
			isa = PBXGroup;
			children = (
				EDBF9272CB4FF371E86764D1 /* Pods_SkateBudapest.framework */,
			);
			name = Frameworks;
			sourceTree = "<group>";
		};
		AC033FDA2195DC3C0005259B /* Strings */ = {
			isa = PBXGroup;
			children = (
				AC0340032195E18B0005259B /* InfoPlist.strings */,
				AC033FDF2195DCEF0005259B /* Localizable.strings */,
			);
			path = Strings;
			sourceTree = "<group>";
		};
		AC033FED2195DEF50005259B /* Images */ = {
			isa = PBXGroup;
			children = (
				AC63325B20FA95C3007E5D98 /* Assets.xcassets */,
			);
			path = Images;
			sourceTree = "<group>";
		};
		AC0B89A72111FDBA006CDB7E /* LocationDetails */ = {
			isa = PBXGroup;
			children = (
				AC0B89A82111FDCB006CDB7E /* UI */,
				AC2D9DAD21335D91003A6263 /* DetailsScreen */,
				AC975D3E212F10340021DC7A /* ImageViewer */,
			);
			path = LocationDetails;
			sourceTree = "<group>";
		};
		AC0B89A82111FDCB006CDB7E /* UI */ = {
			isa = PBXGroup;
			children = (
				AC0B89A921120E39006CDB7E /* LocationDetails.storyboard */,
			);
			path = UI;
			sourceTree = "<group>";
		};
		AC171D5E2103D7CA008747AB /* App flow */ = {
			isa = PBXGroup;
			children = (
				AC033FB32195D1200005259B /* LaunchScreen.storyboard */,
				AC9003FC2193704E0007F7E5 /* Main.storyboard */,
				AC171D5F2103D7D4008747AB /* SkateMap */,
				AC0B89A72111FDBA006CDB7E /* LocationDetails */,
				AC9003FE2193758A0007F7E5 /* SendPlace */,
			);
			path = "App flow";
			sourceTree = "<group>";
		};
		AC171D5F2103D7D4008747AB /* SkateMap */ = {
			isa = PBXGroup;
			children = (
				AC171D602103D7E6008747AB /* UI */,
				AC2D9DAB21335D58003A6263 /* MapScreen */,
				AC2D9DAC21335D70003A6263 /* Filtering */,
			);
			path = SkateMap;
			sourceTree = "<group>";
		};
		AC171D602103D7E6008747AB /* UI */ = {
			isa = PBXGroup;
			children = (
				AC033FB12195D04B0005259B /* SkateMap.storyboard */,
			);
			path = UI;
			sourceTree = "<group>";
		};
		AC171D612103D847008747AB /* Utility */ = {
			isa = PBXGroup;
			children = (
				AC9FB9A62103CB48002D4C37 /* GPXParser.swift */,
				AC26A96B218DD51700641C84 /* LocationManager.swift */,
			);
			path = Utility;
			sourceTree = "<group>";
		};
		AC2D9DAB21335D58003A6263 /* MapScreen */ = {
			isa = PBXGroup;
			children = (
				AC63325620FA95C2007E5D98 /* SkateMapViewController.swift */,
			);
			path = MapScreen;
			sourceTree = "<group>";
		};
		AC2D9DAC21335D70003A6263 /* Filtering */ = {
			isa = PBXGroup;
			children = (
				AC2D9DA921335558003A6263 /* AnnotationFilterViewController.swift */,
				AC2D9DA721335523003A6263 /* HalfScreenModalPresentationController.swift */,
			);
			path = Filtering;
			sourceTree = "<group>";
		};
		AC2D9DAD21335D91003A6263 /* DetailsScreen */ = {
			isa = PBXGroup;
			children = (
				AC0B89A52111FDA8006CDB7E /* LocationDetailsViewController.swift */,
				AC3D6F41217DCE3200BCDC02 /* RoutingViewController.swift */,
			);
			path = DetailsScreen;
			sourceTree = "<group>";
		};
		AC63324820FA95C2007E5D98 = {
			isa = PBXGroup;
			children = (
				AC63325320FA95C2007E5D98 /* SkateBudapest */,
				AC63325220FA95C2007E5D98 /* Products */,
				D3E59318DCC8C505C7AD5C3C /* Pods */,
				47704572B094EB0E34445C14 /* Frameworks */,
			);
			sourceTree = "<group>";
		};
		AC63325220FA95C2007E5D98 /* Products */ = {
			isa = PBXGroup;
			children = (
				AC63325120FA95C2007E5D98 /* SkateBudapest.app */,
			);
			name = Products;
			sourceTree = "<group>";
		};
		AC63325320FA95C2007E5D98 /* SkateBudapest */ = {
			isa = PBXGroup;
			children = (
				AC63325420FA95C2007E5D98 /* AppDelegate.swift */,
				ACA489BA20FA9E890084D9F3 /* Constants.swift */,
				AC171D5E2103D7CA008747AB /* App flow */,
				AC171D612103D847008747AB /* Utility */,
				AC9FB9A2210374C2002D4C37 /* Model */,
				ACA489BE20FA9EBA0084D9F3 /* Extensions */,
				AC76CF8A20FA973C003ED70F /* Resources */,
				AC76CF8920FA9729003ED70F /* Supporting Files */,
			);
			path = SkateBudapest;
			sourceTree = "<group>";
		};
		AC76CF8920FA9729003ED70F /* Supporting Files */ = {
			isa = PBXGroup;
			children = (
				AC63326020FA95C3007E5D98 /* Info.plist */,
				ACB6CF7F2128681C00583F11 /* Budapest, Hungary.gpx */,
			);
			path = "Supporting Files";
			sourceTree = "<group>";
		};
		AC76CF8A20FA973C003ED70F /* Resources */ = {
			isa = PBXGroup;
			children = (
				AC033FED2195DEF50005259B /* Images */,
				AC033FDA2195DC3C0005259B /* Strings */,
			);
			path = Resources;
			sourceTree = "<group>";
		};
		AC9003FE2193758A0007F7E5 /* SendPlace */ = {
			isa = PBXGroup;
			children = (
				AC9003FF219375AD0007F7E5 /* UI */,
				AC947F66219E2BC7005007C4 /* SubmitPlaceScreen */,
			);
			path = SendPlace;
			sourceTree = "<group>";
		};
		AC9003FF219375AD0007F7E5 /* UI */ = {
			isa = PBXGroup;
			children = (
				AC900400219375B90007F7E5 /* SendPlace.storyboard */,
			);
			path = UI;
			sourceTree = "<group>";
		};
		AC947F66219E2BC7005007C4 /* SubmitPlaceScreen */ = {
			isa = PBXGroup;
			children = (
				AC947F67219E2BDD005007C4 /* SubmitPlaceViewController.swift */,
			);
			path = SubmitPlaceScreen;
			sourceTree = "<group>";
		};
		AC975D3E212F10340021DC7A /* ImageViewer */ = {
			isa = PBXGroup;
			children = (
				AC90789021297E6300FC0528 /* ImageViewerViewController.swift */,
				AC9078942129B72900FC0528 /* ImagePreviewFullViewCell.swift */,
			);
			path = ImageViewer;
			sourceTree = "<group>";
		};
		AC9FB9A2210374C2002D4C37 /* Model */ = {
			isa = PBXGroup;
			children = (
				AC4334AB21258FA400571802 /* GPXEntry.swift */,
				AC9FB9A0210372C9002D4C37 /* Waypoint.swift */,
				AC171D642103E0C0008747AB /* PlaceImage.swift */,
			);
			path = Model;
			sourceTree = "<group>";
		};
		ACA489BE20FA9EBA0084D9F3 /* Extensions */ = {
			isa = PBXGroup;
			children = (
				AC9FB99C210369E4002D4C37 /* StringExtensions.swift */,
				AC95CF5E2157C72000D90F04 /* TimeIntervalExtensions.swift */,
				AC20C31A21A0D22400D09E60 /* UIApplicationExtension.swift */,
				ACA489BC20FA9EB50084D9F3 /* UIColorExtensions.swift */,
				AC907892212997F600FC0528 /* UIImageViewExtensions.swift */,
				AC2E12A8211276D600A5B05E /* UIViewExtensions.swift */,
				AC2E12AA21171EF600A5B05E /* URLExtensions.swift */,
			);
			path = Extensions;
			sourceTree = "<group>";
		};
		D3E59318DCC8C505C7AD5C3C /* Pods */ = {
			isa = PBXGroup;
			children = (
				5BFA439337F32B88E74100A9 /* Pods-SkateBudapest.debug.xcconfig */,
				8F4E8B82433073F1FF792AD8 /* Pods-SkateBudapest.release.xcconfig */,
			);
			name = Pods;
			sourceTree = "<group>";
		};
/* End PBXGroup section */

/* Begin PBXNativeTarget section */
		AC63325020FA95C2007E5D98 /* SkateBudapest */ = {
			isa = PBXNativeTarget;
			buildConfigurationList = AC63326320FA95C3007E5D98 /* Build configuration list for PBXNativeTarget "SkateBudapest" */;
			buildPhases = (
				3CCC1C06ACE1102EB937AF45 /* [CP] Check Pods Manifest.lock */,
				AC76CF8B20FA977A003ED70F /* SwiftLint */,
				AC63324D20FA95C2007E5D98 /* Sources */,
				AC63324E20FA95C2007E5D98 /* Frameworks */,
				AC63324F20FA95C2007E5D98 /* Resources */,
				CA87A19D3985D1D7E59610EB /* [CP] Embed Pods Frameworks */,
			);
			buildRules = (
			);
			dependencies = (
			);
			name = SkateBudapest;
			productName = SkateBudapest;
			productReference = AC63325120FA95C2007E5D98 /* SkateBudapest.app */;
			productType = "com.apple.product-type.application";
		};
/* End PBXNativeTarget section */

/* Begin PBXProject section */
		AC63324920FA95C2007E5D98 /* Project object */ = {
			isa = PBXProject;
			attributes = {
				LastSwiftUpdateCheck = 0940;
				LastUpgradeCheck = 0940;
				ORGANIZATIONNAME = "Horváth Balázs";
				TargetAttributes = {
					AC63325020FA95C2007E5D98 = {
						CreatedOnToolsVersion = 9.4.1;
						LastSwiftMigration = 1000;
					};
				};
			};
			buildConfigurationList = AC63324C20FA95C2007E5D98 /* Build configuration list for PBXProject "SkateBudapest" */;
			compatibilityVersion = "Xcode 9.3";
			developmentRegion = en;
			hasScannedForEncodings = 0;
			knownRegions = (
				en,
				Base,
				hu,
			);
			mainGroup = AC63324820FA95C2007E5D98;
			productRefGroup = AC63325220FA95C2007E5D98 /* Products */;
			projectDirPath = "";
			projectRoot = "";
			targets = (
				AC63325020FA95C2007E5D98 /* SkateBudapest */,
			);
		};
/* End PBXProject section */

/* Begin PBXResourcesBuildPhase section */
		AC63324F20FA95C2007E5D98 /* Resources */ = {
			isa = PBXResourcesBuildPhase;
			buildActionMask = 2147483647;
			files = (
				AC900401219375B90007F7E5 /* SendPlace.storyboard in Resources */,
				AC033FDD2195DCEF0005259B /* Localizable.strings in Resources */,
				AC0B89AA21120E39006CDB7E /* LocationDetails.storyboard in Resources */,
				AC9003FD2193704E0007F7E5 /* Main.storyboard in Resources */,
				AC033FB42195D1200005259B /* LaunchScreen.storyboard in Resources */,
				AC63325C20FA95C3007E5D98 /* Assets.xcassets in Resources */,
				AC033FB22195D04B0005259B /* SkateMap.storyboard in Resources */,
				AC0340012195E18B0005259B /* InfoPlist.strings in Resources */,
			);
			runOnlyForDeploymentPostprocessing = 0;
		};
/* End PBXResourcesBuildPhase section */

/* Begin PBXShellScriptBuildPhase section */
		3CCC1C06ACE1102EB937AF45 /* [CP] Check Pods Manifest.lock */ = {
			isa = PBXShellScriptBuildPhase;
			buildActionMask = 2147483647;
			files = (
			);
			inputPaths = (
				"${PODS_PODFILE_DIR_PATH}/Podfile.lock",
				"${PODS_ROOT}/Manifest.lock",
			);
			name = "[CP] Check Pods Manifest.lock";
			outputPaths = (
				"$(DERIVED_FILE_DIR)/Pods-SkateBudapest-checkManifestLockResult.txt",
			);
			runOnlyForDeploymentPostprocessing = 0;
			shellPath = /bin/sh;
			shellScript = "diff \"${PODS_PODFILE_DIR_PATH}/Podfile.lock\" \"${PODS_ROOT}/Manifest.lock\" > /dev/null\nif [ $? != 0 ] ; then\n    # print error to STDERR\n    echo \"error: The sandbox is not in sync with the Podfile.lock. Run 'pod install' or update your CocoaPods installation.\" >&2\n    exit 1\nfi\n# This output is used by Xcode 'outputs' to avoid re-running this script phase.\necho \"SUCCESS\" > \"${SCRIPT_OUTPUT_FILE_0}\"\n";
			showEnvVarsInLog = 0;
		};
		AC76CF8B20FA977A003ED70F /* SwiftLint */ = {
			isa = PBXShellScriptBuildPhase;
			buildActionMask = 2147483647;
			files = (
			);
			inputPaths = (
			);
			name = SwiftLint;
			outputPaths = (
			);
			runOnlyForDeploymentPostprocessing = 0;
			shellPath = /bin/sh;
			shellScript = "#exit\nif which swiftlint >/dev/null; then\nswiftlint\nelse\necho \"warning: SwiftLint not installed, download from https://github.com/realm/SwiftLint\"\nfi";
		};
		CA87A19D3985D1D7E59610EB /* [CP] Embed Pods Frameworks */ = {
			isa = PBXShellScriptBuildPhase;
			buildActionMask = 2147483647;
			files = (
			);
			inputPaths = (
				"${SRCROOT}/Pods/Target Support Files/Pods-SkateBudapest/Pods-SkateBudapest-frameworks.sh",
				"${BUILT_PRODUCTS_DIR}/Alamofire/Alamofire.framework",
			);
			name = "[CP] Embed Pods Frameworks";
			outputPaths = (
				"${TARGET_BUILD_DIR}/${FRAMEWORKS_FOLDER_PATH}/Alamofire.framework",
			);
			runOnlyForDeploymentPostprocessing = 0;
			shellPath = /bin/sh;
			shellScript = "\"${SRCROOT}/Pods/Target Support Files/Pods-SkateBudapest/Pods-SkateBudapest-frameworks.sh\"\n";
			showEnvVarsInLog = 0;
		};
/* End PBXShellScriptBuildPhase section */

/* Begin PBXSourcesBuildPhase section */
		AC63324D20FA95C2007E5D98 /* Sources */ = {
			isa = PBXSourcesBuildPhase;
			buildActionMask = 2147483647;
			files = (
				AC907893212997F600FC0528 /* UIImageViewExtensions.swift in Sources */,
				AC95CF5F2157C72000D90F04 /* TimeIntervalExtensions.swift in Sources */,
				AC63325720FA95C2007E5D98 /* SkateMapViewController.swift in Sources */,
				AC947F68219E2BDD005007C4 /* SubmitPlaceViewController.swift in Sources */,
				AC9078952129B72900FC0528 /* ImagePreviewFullViewCell.swift in Sources */,
				AC63325520FA95C2007E5D98 /* AppDelegate.swift in Sources */,
				AC90789121297E6300FC0528 /* ImageViewerViewController.swift in Sources */,
				AC4334AC21258FA400571802 /* GPXEntry.swift in Sources */,
				AC9FB9A1210372C9002D4C37 /* Waypoint.swift in Sources */,
				AC9FB9A72103CB48002D4C37 /* GPXParser.swift in Sources */,
				ACA489BB20FA9E890084D9F3 /* Constants.swift in Sources */,
				AC2D9DAA21335558003A6263 /* AnnotationFilterViewController.swift in Sources */,
				AC3D6F42217DCE3200BCDC02 /* RoutingViewController.swift in Sources */,
				AC26A96C218DD51700641C84 /* LocationManager.swift in Sources */,
				AC9FB99D210369E4002D4C37 /* StringExtensions.swift in Sources */,
				AC0B89A62111FDA8006CDB7E /* LocationDetailsViewController.swift in Sources */,
				ACA489BD20FA9EB50084D9F3 /* UIColorExtensions.swift in Sources */,
				AC20C31B21A0D22400D09E60 /* UIApplicationExtension.swift in Sources */,
				AC2E12AB21171EF600A5B05E /* URLExtensions.swift in Sources */,
				AC2E12A9211276D600A5B05E /* UIViewExtensions.swift in Sources */,
				AC2D9DA821335523003A6263 /* HalfScreenModalPresentationController.swift in Sources */,
				AC171D652103E0C0008747AB /* PlaceImage.swift in Sources */,
			);
			runOnlyForDeploymentPostprocessing = 0;
		};
/* End PBXSourcesBuildPhase section */

/* Begin PBXVariantGroup section */
		AC033FDF2195DCEF0005259B /* Localizable.strings */ = {
			isa = PBXVariantGroup;
			children = (
				AC033FDE2195DCEF0005259B /* en */,
				AC033FE02195DCF10005259B /* hu */,
			);
			name = Localizable.strings;
			sourceTree = "<group>";
		};
		AC0340032195E18B0005259B /* InfoPlist.strings */ = {
			isa = PBXVariantGroup;
			children = (
				AC0340022195E18B0005259B /* en */,
				AC0340042195E18C0005259B /* hu */,
			);
			name = InfoPlist.strings;
			sourceTree = "<group>";
		};
/* End PBXVariantGroup section */

/* Begin XCBuildConfiguration section */
		AC63326120FA95C3007E5D98 /* Debug */ = {
			isa = XCBuildConfiguration;
			buildSettings = {
				ALWAYS_SEARCH_USER_PATHS = NO;
				CLANG_ANALYZER_NONNULL = YES;
				CLANG_ANALYZER_NUMBER_OBJECT_CONVERSION = YES_AGGRESSIVE;
				CLANG_CXX_LANGUAGE_STANDARD = "gnu++14";
				CLANG_CXX_LIBRARY = "libc++";
				CLANG_ENABLE_MODULES = YES;
				CLANG_ENABLE_OBJC_ARC = YES;
				CLANG_ENABLE_OBJC_WEAK = YES;
				CLANG_WARN_BLOCK_CAPTURE_AUTORELEASING = YES;
				CLANG_WARN_BOOL_CONVERSION = YES;
				CLANG_WARN_COMMA = YES;
				CLANG_WARN_CONSTANT_CONVERSION = YES;
				CLANG_WARN_DEPRECATED_OBJC_IMPLEMENTATIONS = YES;
				CLANG_WARN_DIRECT_OBJC_ISA_USAGE = YES_ERROR;
				CLANG_WARN_DOCUMENTATION_COMMENTS = YES;
				CLANG_WARN_EMPTY_BODY = YES;
				CLANG_WARN_ENUM_CONVERSION = YES;
				CLANG_WARN_INFINITE_RECURSION = YES;
				CLANG_WARN_INT_CONVERSION = YES;
				CLANG_WARN_NON_LITERAL_NULL_CONVERSION = YES;
				CLANG_WARN_OBJC_IMPLICIT_RETAIN_SELF = YES;
				CLANG_WARN_OBJC_LITERAL_CONVERSION = YES;
				CLANG_WARN_OBJC_ROOT_CLASS = YES_ERROR;
				CLANG_WARN_RANGE_LOOP_ANALYSIS = YES;
				CLANG_WARN_STRICT_PROTOTYPES = YES;
				CLANG_WARN_SUSPICIOUS_MOVE = YES;
				CLANG_WARN_UNGUARDED_AVAILABILITY = YES_AGGRESSIVE;
				CLANG_WARN_UNREACHABLE_CODE = YES;
				CLANG_WARN__DUPLICATE_METHOD_MATCH = YES;
				CODE_SIGN_IDENTITY = "iPhone Developer";
				COPY_PHASE_STRIP = NO;
				DEBUG_INFORMATION_FORMAT = dwarf;
				ENABLE_STRICT_OBJC_MSGSEND = YES;
				ENABLE_TESTABILITY = YES;
				GCC_C_LANGUAGE_STANDARD = gnu11;
				GCC_DYNAMIC_NO_PIC = NO;
				GCC_NO_COMMON_BLOCKS = YES;
				GCC_OPTIMIZATION_LEVEL = 0;
				GCC_PREPROCESSOR_DEFINITIONS = (
					"DEBUG=1",
					"$(inherited)",
				);
				GCC_WARN_64_TO_32_BIT_CONVERSION = YES;
				GCC_WARN_ABOUT_RETURN_TYPE = YES_ERROR;
				GCC_WARN_UNDECLARED_SELECTOR = YES;
				GCC_WARN_UNINITIALIZED_AUTOS = YES_AGGRESSIVE;
				GCC_WARN_UNUSED_FUNCTION = YES;
				GCC_WARN_UNUSED_VARIABLE = YES;
				IPHONEOS_DEPLOYMENT_TARGET = 10.0;
				MTL_ENABLE_DEBUG_INFO = YES;
				ONLY_ACTIVE_ARCH = YES;
				SDKROOT = iphoneos;
				SWIFT_ACTIVE_COMPILATION_CONDITIONS = DEBUG;
				SWIFT_OPTIMIZATION_LEVEL = "-Onone";
			};
			name = Debug;
		};
		AC63326220FA95C3007E5D98 /* Release */ = {
			isa = XCBuildConfiguration;
			buildSettings = {
				ALWAYS_SEARCH_USER_PATHS = NO;
				CLANG_ANALYZER_NONNULL = YES;
				CLANG_ANALYZER_NUMBER_OBJECT_CONVERSION = YES_AGGRESSIVE;
				CLANG_CXX_LANGUAGE_STANDARD = "gnu++14";
				CLANG_CXX_LIBRARY = "libc++";
				CLANG_ENABLE_MODULES = YES;
				CLANG_ENABLE_OBJC_ARC = YES;
				CLANG_ENABLE_OBJC_WEAK = YES;
				CLANG_WARN_BLOCK_CAPTURE_AUTORELEASING = YES;
				CLANG_WARN_BOOL_CONVERSION = YES;
				CLANG_WARN_COMMA = YES;
				CLANG_WARN_CONSTANT_CONVERSION = YES;
				CLANG_WARN_DEPRECATED_OBJC_IMPLEMENTATIONS = YES;
				CLANG_WARN_DIRECT_OBJC_ISA_USAGE = YES_ERROR;
				CLANG_WARN_DOCUMENTATION_COMMENTS = YES;
				CLANG_WARN_EMPTY_BODY = YES;
				CLANG_WARN_ENUM_CONVERSION = YES;
				CLANG_WARN_INFINITE_RECURSION = YES;
				CLANG_WARN_INT_CONVERSION = YES;
				CLANG_WARN_NON_LITERAL_NULL_CONVERSION = YES;
				CLANG_WARN_OBJC_IMPLICIT_RETAIN_SELF = YES;
				CLANG_WARN_OBJC_LITERAL_CONVERSION = YES;
				CLANG_WARN_OBJC_ROOT_CLASS = YES_ERROR;
				CLANG_WARN_RANGE_LOOP_ANALYSIS = YES;
				CLANG_WARN_STRICT_PROTOTYPES = YES;
				CLANG_WARN_SUSPICIOUS_MOVE = YES;
				CLANG_WARN_UNGUARDED_AVAILABILITY = YES_AGGRESSIVE;
				CLANG_WARN_UNREACHABLE_CODE = YES;
				CLANG_WARN__DUPLICATE_METHOD_MATCH = YES;
				CODE_SIGN_IDENTITY = "iPhone Developer";
				COPY_PHASE_STRIP = NO;
				DEBUG_INFORMATION_FORMAT = "dwarf-with-dsym";
				ENABLE_NS_ASSERTIONS = NO;
				ENABLE_STRICT_OBJC_MSGSEND = YES;
				GCC_C_LANGUAGE_STANDARD = gnu11;
				GCC_NO_COMMON_BLOCKS = YES;
				GCC_WARN_64_TO_32_BIT_CONVERSION = YES;
				GCC_WARN_ABOUT_RETURN_TYPE = YES_ERROR;
				GCC_WARN_UNDECLARED_SELECTOR = YES;
				GCC_WARN_UNINITIALIZED_AUTOS = YES_AGGRESSIVE;
				GCC_WARN_UNUSED_FUNCTION = YES;
				GCC_WARN_UNUSED_VARIABLE = YES;
				IPHONEOS_DEPLOYMENT_TARGET = 10.0;
				MTL_ENABLE_DEBUG_INFO = NO;
				SDKROOT = iphoneos;
				SWIFT_COMPILATION_MODE = wholemodule;
				SWIFT_OPTIMIZATION_LEVEL = "-O";
				VALIDATE_PRODUCT = YES;
			};
			name = Release;
		};
		AC63326420FA95C3007E5D98 /* Debug */ = {
			isa = XCBuildConfiguration;
			baseConfigurationReference = 5BFA439337F32B88E74100A9 /* Pods-SkateBudapest.debug.xcconfig */;
			buildSettings = {
				ASSETCATALOG_COMPILER_APPICON_NAME = AppIcon;
				CODE_SIGN_STYLE = Automatic;
				DEVELOPMENT_TEAM = UW8QF9DSWQ;
				INFOPLIST_FILE = "$(SRCROOT)/SkateBudapest/Supporting Files/Info.plist";
				IPHONEOS_DEPLOYMENT_TARGET = 10.3;
				LD_RUNPATH_SEARCH_PATHS = (
					"$(inherited)",
					"@executable_path/Frameworks",
				);
				PRODUCT_BUNDLE_IDENTIFIER = com.balazs630.SkateBudapest;
				PRODUCT_NAME = "$(TARGET_NAME)";
				SWIFT_VERSION = 4.2;
				TARGETED_DEVICE_FAMILY = "1,2";
			};
			name = Debug;
		};
		AC63326520FA95C3007E5D98 /* Release */ = {
			isa = XCBuildConfiguration;
			baseConfigurationReference = 8F4E8B82433073F1FF792AD8 /* Pods-SkateBudapest.release.xcconfig */;
			buildSettings = {
				ASSETCATALOG_COMPILER_APPICON_NAME = AppIcon;
				CODE_SIGN_STYLE = Automatic;
				DEVELOPMENT_TEAM = UW8QF9DSWQ;
				INFOPLIST_FILE = "$(SRCROOT)/SkateBudapest/Supporting Files/Info.plist";
				IPHONEOS_DEPLOYMENT_TARGET = 10.3;
				LD_RUNPATH_SEARCH_PATHS = (
					"$(inherited)",
					"@executable_path/Frameworks",
				);
				PRODUCT_BUNDLE_IDENTIFIER = com.balazs630.SkateBudapest;
				PRODUCT_NAME = "$(TARGET_NAME)";
				SWIFT_VERSION = 4.2;
				TARGETED_DEVICE_FAMILY = "1,2";
			};
			name = Release;
		};
/* End XCBuildConfiguration section */

/* Begin XCConfigurationList section */
		AC63324C20FA95C2007E5D98 /* Build configuration list for PBXProject "SkateBudapest" */ = {
			isa = XCConfigurationList;
			buildConfigurations = (
				AC63326120FA95C3007E5D98 /* Debug */,
				AC63326220FA95C3007E5D98 /* Release */,
			);
			defaultConfigurationIsVisible = 0;
			defaultConfigurationName = Release;
		};
		AC63326320FA95C3007E5D98 /* Build configuration list for PBXNativeTarget "SkateBudapest" */ = {
			isa = XCConfigurationList;
			buildConfigurations = (
				AC63326420FA95C3007E5D98 /* Debug */,
				AC63326520FA95C3007E5D98 /* Release */,
			);
			defaultConfigurationIsVisible = 0;
			defaultConfigurationName = Release;
		};
/* End XCConfigurationList section */
	};
	rootObject = AC63324920FA95C2007E5D98 /* Project object */;
}
