// !$*UTF8*$!
{
	archiveVersion = 1;
	classes = {
	};
	objectVersion = 50;
	objects = {

/* Begin PBXBuildFile section */
		71D139B1AAE373A160574D72 /* Pods_SkateBudapest.framework in Frameworks */ = {isa = PBXBuildFile; fileRef = EDBF9272CB4FF371E86764D1 /* Pods_SkateBudapest.framework */; };
		AC033FB22195D04B0005259B /* SkateMap.storyboard in Resources */ = {isa = PBXBuildFile; fileRef = AC033FB12195D04B0005259B /* SkateMap.storyboard */; };
		AC033FDD2195DCEF0005259B /* Localizable.strings in Resources */ = {isa = PBXBuildFile; fileRef = AC033FDF2195DCEF0005259B /* Localizable.strings */; };
		AC0340012195E18B0005259B /* InfoPlist.strings in Resources */ = {isa = PBXBuildFile; fileRef = AC0340032195E18B0005259B /* InfoPlist.strings */; };
		AC0B89A62111FDA8006CDB7E /* PlaceDetailsViewController.swift in Sources */ = {isa = PBXBuildFile; fileRef = AC0B89A52111FDA8006CDB7E /* PlaceDetailsViewController.swift */; };
		AC0B89AA21120E39006CDB7E /* PlaceDetails.storyboard in Resources */ = {isa = PBXBuildFile; fileRef = AC0B89A921120E39006CDB7E /* PlaceDetails.storyboard */; };
		AC18D5C5223BD95A00CB7243 /* PlaceSuggestionDisplayItem.swift in Sources */ = {isa = PBXBuildFile; fileRef = AC18D5C4223BD95A00CB7243 /* PlaceSuggestionDisplayItem.swift */; };
		AC18D5C7223F074100CB7243 /* MediaPermissionService.swift in Sources */ = {isa = PBXBuildFile; fileRef = AC18D5C6223F074100CB7243 /* MediaPermissionService.swift */; };
		AC18D5C92241801000CB7243 /* LoadingViewController.swift in Sources */ = {isa = PBXBuildFile; fileRef = AC18D5C82241801000CB7243 /* LoadingViewController.swift */; };
		AC18D5CB2242DC3900CB7243 /* UIResponderExtensions.swift in Sources */ = {isa = PBXBuildFile; fileRef = AC18D5CA2242DC3900CB7243 /* UIResponderExtensions.swift */; };
		AC18D5CD22468CDA00CB7243 /* Theme.swift in Sources */ = {isa = PBXBuildFile; fileRef = AC18D5CC22468CDA00CB7243 /* Theme.swift */; };
		AC20C31B21A0D22400D09E60 /* UIApplicationExtension.swift in Sources */ = {isa = PBXBuildFile; fileRef = AC20C31A21A0D22400D09E60 /* UIApplicationExtension.swift */; };
		AC26A96C218DD51700641C84 /* LocationService.swift in Sources */ = {isa = PBXBuildFile; fileRef = AC26A96B218DD51700641C84 /* LocationService.swift */; };
		AC273FD62234437500DF2AB9 /* SubmitPlaceCoordinator.swift in Sources */ = {isa = PBXBuildFile; fileRef = AC273FD52234437500DF2AB9 /* SubmitPlaceCoordinator.swift */; };
		AC273FD82234465300DF2AB9 /* LaunchScreen.storyboard in Resources */ = {isa = PBXBuildFile; fileRef = AC273FD72234465300DF2AB9 /* LaunchScreen.storyboard */; };
		AC2C030921AADC6300784F4E /* PlaceWebService.swift in Sources */ = {isa = PBXBuildFile; fileRef = AC2C030821AADC6300784F4E /* PlaceWebService.swift */; };
		AC2C030F21AADD1B00784F4E /* PlaceInfoApiModel.swift in Sources */ = {isa = PBXBuildFile; fileRef = AC2C030C21AADD1B00784F4E /* PlaceInfoApiModel.swift */; };
		AC2C031121AADD1B00784F4E /* PlaceApiModel.swift in Sources */ = {isa = PBXBuildFile; fileRef = AC2C030E21AADD1B00784F4E /* PlaceApiModel.swift */; };
		AC2D9DA821335523003A6263 /* HalfScreenModalPresentationController.swift in Sources */ = {isa = PBXBuildFile; fileRef = AC2D9DA721335523003A6263 /* HalfScreenModalPresentationController.swift */; };
		AC2D9DAA21335558003A6263 /* PlaceFilterViewController.swift in Sources */ = {isa = PBXBuildFile; fileRef = AC2D9DA921335558003A6263 /* PlaceFilterViewController.swift */; };
		AC2E12A9211276D600A5B05E /* UIViewExtensions.swift in Sources */ = {isa = PBXBuildFile; fileRef = AC2E12A8211276D600A5B05E /* UIViewExtensions.swift */; };
		AC3D6F42217DCE3200BCDC02 /* RoutingViewController.swift in Sources */ = {isa = PBXBuildFile; fileRef = AC3D6F41217DCE3200BCDC02 /* RoutingViewController.swift */; };
		AC54EABE21B9CCF8008694CF /* PlaceCachingService.swift in Sources */ = {isa = PBXBuildFile; fileRef = AC54EABD21B9CCF8008694CF /* PlaceCachingService.swift */; };
		AC63325520FA95C2007E5D98 /* AppDelegate.swift in Sources */ = {isa = PBXBuildFile; fileRef = AC63325420FA95C2007E5D98 /* AppDelegate.swift */; };
		AC63325720FA95C2007E5D98 /* SkateMapViewController.swift in Sources */ = {isa = PBXBuildFile; fileRef = AC63325620FA95C2007E5D98 /* SkateMapViewController.swift */; };
		AC63325C20FA95C3007E5D98 /* Assets.xcassets in Resources */ = {isa = PBXBuildFile; fileRef = AC63325B20FA95C3007E5D98 /* Assets.xcassets */; };
		AC64A9AE225558F7006728D6 /* UIImageExtension.swift in Sources */ = {isa = PBXBuildFile; fileRef = AC64A9AD225558F7006728D6 /* UIImageExtension.swift */; };
		AC64A9B0225880B7006728D6 /* UITextFieldExtensions.swift in Sources */ = {isa = PBXBuildFile; fileRef = AC64A9AF225880B7006728D6 /* UITextFieldExtensions.swift */; };
		AC64A9B222588177006728D6 /* ValidatorFactory.swift in Sources */ = {isa = PBXBuildFile; fileRef = AC64A9B122588177006728D6 /* ValidatorFactory.swift */; };
		AC64A9B52258891B006728D6 /* ValidationError.swift in Sources */ = {isa = PBXBuildFile; fileRef = AC64A9B42258891B006728D6 /* ValidationError.swift */; };
		AC64A9B722588942006728D6 /* EmailFormatValidator.swift in Sources */ = {isa = PBXBuildFile; fileRef = AC64A9B622588942006728D6 /* EmailFormatValidator.swift */; };
		AC64A9BA22588A8A006728D6 /* TextLengthValidator.swift in Sources */ = {isa = PBXBuildFile; fileRef = AC64A9B922588A8A006728D6 /* TextLengthValidator.swift */; };
		AC64A9BE22588CFF006728D6 /* UITextViewExtensions.swift in Sources */ = {isa = PBXBuildFile; fileRef = AC64A9BD22588CFF006728D6 /* UITextViewExtensions.swift */; };
		AC64A9C022589932006728D6 /* ImageSizeBiggerThanValidator.swift in Sources */ = {isa = PBXBuildFile; fileRef = AC64A9BF22589932006728D6 /* ImageSizeBiggerThanValidator.swift */; };
		AC64A9C22258DCE7006728D6 /* CGSizeExtension.swift in Sources */ = {isa = PBXBuildFile; fileRef = AC64A9C12258DCE7006728D6 /* CGSizeExtension.swift */; };
		AC64A9C4225AA27E006728D6 /* ImageIsRequiredValidator.swift in Sources */ = {isa = PBXBuildFile; fileRef = AC64A9C3225AA27D006728D6 /* ImageIsRequiredValidator.swift */; };
		AC6905F921C073AF00A2088A /* NetworkError.swift in Sources */ = {isa = PBXBuildFile; fileRef = AC6905F821C073AF00A2088A /* NetworkError.swift */; };
		AC6905FB21C073C900A2088A /* RealmError.swift in Sources */ = {isa = PBXBuildFile; fileRef = AC6905FA21C073C900A2088A /* RealmError.swift */; };
		AC6905FD21C073E400A2088A /* BaseError.swift in Sources */ = {isa = PBXBuildFile; fileRef = AC6905FC21C073E400A2088A /* BaseError.swift */; };
		AC69060521C0784300A2088A /* Result.swift in Sources */ = {isa = PBXBuildFile; fileRef = AC69060421C0784300A2088A /* Result.swift */; };
		AC6BD19121B0843500C20451 /* PlaceRealmModel.swift in Sources */ = {isa = PBXBuildFile; fileRef = AC6BD19021B0843500C20451 /* PlaceRealmModel.swift */; };
		AC6BD19321B08AA000C20451 /* RealmService.swift in Sources */ = {isa = PBXBuildFile; fileRef = AC6BD19221B08AA000C20451 /* RealmService.swift */; };
		AC6BD19721B2B1A600C20451 /* BaseWebService.swift in Sources */ = {isa = PBXBuildFile; fileRef = AC6BD19621B2B1A600C20451 /* BaseWebService.swift */; };
		AC6BD19C21B2B63C00C20451 /* SimpleAlertDialog.swift in Sources */ = {isa = PBXBuildFile; fileRef = AC6BD19B21B2B63C00C20451 /* SimpleAlertDialog.swift */; };
		AC7B3690227E266B000A2C9C /* MKMapViewExtensions.swift in Sources */ = {isa = PBXBuildFile; fileRef = AC7B368F227E266B000A2C9C /* MKMapViewExtensions.swift */; };
		AC7F33CB22386C7F0015B1C8 /* UIViewControllerExtensions.swift in Sources */ = {isa = PBXBuildFile; fileRef = AC7F33CA22386C7F0015B1C8 /* UIViewControllerExtensions.swift */; };
		AC8597762236F6B9009C0D6F /* RoutingEmptyViewController.swift in Sources */ = {isa = PBXBuildFile; fileRef = AC8597752236F6B9009C0D6F /* RoutingEmptyViewController.swift */; };
		AC8F8B8E21C518BF00001551 /* ImageService.swift in Sources */ = {isa = PBXBuildFile; fileRef = AC8F8B8D21C518BF00001551 /* ImageService.swift */; };
		AC90789121297E6300FC0528 /* ImageViewerViewController.swift in Sources */ = {isa = PBXBuildFile; fileRef = AC90789021297E6300FC0528 /* ImageViewerViewController.swift */; };
		AC907893212997F600FC0528 /* UIImageViewExtensions.swift in Sources */ = {isa = PBXBuildFile; fileRef = AC907892212997F600FC0528 /* UIImageViewExtensions.swift */; };
		AC9078952129B72900FC0528 /* ImagePreviewFullViewCell.swift in Sources */ = {isa = PBXBuildFile; fileRef = AC9078942129B72900FC0528 /* ImagePreviewFullViewCell.swift */; };
		AC95CF5F2157C72000D90F04 /* TimeIntervalExtensions.swift in Sources */ = {isa = PBXBuildFile; fileRef = AC95CF5E2157C72000D90F04 /* TimeIntervalExtensions.swift */; };
		ACA489BB20FA9E890084D9F3 /* Constants.swift in Sources */ = {isa = PBXBuildFile; fileRef = ACA489BA20FA9E890084D9F3 /* Constants.swift */; };
		ACA489BD20FA9EB50084D9F3 /* UIColorExtensions.swift in Sources */ = {isa = PBXBuildFile; fileRef = ACA489BC20FA9EB50084D9F3 /* UIColorExtensions.swift */; };
		ACB292E8223541BF00DBB862 /* PlaceSuggestionApiModel.swift in Sources */ = {isa = PBXBuildFile; fileRef = ACB292E7223541BF00DBB862 /* PlaceSuggestionApiModel.swift */; };
		ACB292F0223541F000DBB862 /* SubmitTextsViewController.swift in Sources */ = {isa = PBXBuildFile; fileRef = ACB292EB223541F000DBB862 /* SubmitTextsViewController.swift */; };
		ACB292F1223541F000DBB862 /* SubmitPositionViewController.swift in Sources */ = {isa = PBXBuildFile; fileRef = ACB292EC223541F000DBB862 /* SubmitPositionViewController.swift */; };
		ACB292F2223541F000DBB862 /* SubmitTypeSelectorViewController.swift in Sources */ = {isa = PBXBuildFile; fileRef = ACB292ED223541F000DBB862 /* SubmitTypeSelectorViewController.swift */; };
		ACB292F3223541F000DBB862 /* SubmitResultViewController.swift in Sources */ = {isa = PBXBuildFile; fileRef = ACB292EE223541F000DBB862 /* SubmitResultViewController.swift */; };
		ACB292F4223541F000DBB862 /* SubmitImagesViewController.swift in Sources */ = {isa = PBXBuildFile; fileRef = ACB292EF223541F000DBB862 /* SubmitImagesViewController.swift */; };
		ACB292F82235429F00DBB862 /* SubmitPlace.storyboard in Resources */ = {isa = PBXBuildFile; fileRef = ACB292F72235429F00DBB862 /* SubmitPlace.storyboard */; };
		ACCAC18E2234260C00502D6B /* Coordinator.swift in Sources */ = {isa = PBXBuildFile; fileRef = ACCAC18D2234260C00502D6B /* Coordinator.swift */; };
		ACCAC1902234279300502D6B /* StoryboardLoadable.swift in Sources */ = {isa = PBXBuildFile; fileRef = ACCAC18F2234279300502D6B /* StoryboardLoadable.swift */; };
		ACCAC1932234292900502D6B /* SkateMapCoordinator.swift in Sources */ = {isa = PBXBuildFile; fileRef = ACCAC1922234292900502D6B /* SkateMapCoordinator.swift */; };
		ACCAC19522342B9800502D6B /* MainCoordinator.swift in Sources */ = {isa = PBXBuildFile; fileRef = ACCAC19422342B9800502D6B /* MainCoordinator.swift */; };
		ACD5CBB721D190FE00EDE3E0 /* StringExtensions.swift in Sources */ = {isa = PBXBuildFile; fileRef = ACD5CBB621D190FE00EDE3E0 /* StringExtensions.swift */; };
		ACD5CBBB21D195B300EDE3E0 /* Localizable.swift in Sources */ = {isa = PBXBuildFile; fileRef = ACD5CBBA21D195B300EDE3E0 /* Localizable.swift */; };
		ACD5CBBD21D195E700EDE3E0 /* Texts.swift in Sources */ = {isa = PBXBuildFile; fileRef = ACD5CBBC21D195E700EDE3E0 /* Texts.swift */; };
		ACE6F71221B897B4000ABDF1 /* PlaceDisplayItem.swift in Sources */ = {isa = PBXBuildFile; fileRef = ACE6F71121B897B4000ABDF1 /* PlaceDisplayItem.swift */; };
		ACE6F71721B899F7000ABDF1 /* PlaceInfoRealmModel.swift in Sources */ = {isa = PBXBuildFile; fileRef = ACE6F71621B899F7000ABDF1 /* PlaceInfoRealmModel.swift */; };
		ACEB8C8622623AF400873D0A /* DoubleExtensions.swift in Sources */ = {isa = PBXBuildFile; fileRef = ACEB8C8522623AF400873D0A /* DoubleExtensions.swift */; };
/* End PBXBuildFile section */

/* Begin PBXFileReference section */
		5BFA439337F32B88E74100A9 /* Pods-SkateBudapest.debug.xcconfig */ = {isa = PBXFileReference; includeInIndex = 1; lastKnownFileType = text.xcconfig; name = "Pods-SkateBudapest.debug.xcconfig"; path = "Pods/Target Support Files/Pods-SkateBudapest/Pods-SkateBudapest.debug.xcconfig"; sourceTree = "<group>"; };
		8F4E8B82433073F1FF792AD8 /* Pods-SkateBudapest.release.xcconfig */ = {isa = PBXFileReference; includeInIndex = 1; lastKnownFileType = text.xcconfig; name = "Pods-SkateBudapest.release.xcconfig"; path = "Pods/Target Support Files/Pods-SkateBudapest/Pods-SkateBudapest.release.xcconfig"; sourceTree = "<group>"; };
		AC033FB12195D04B0005259B /* SkateMap.storyboard */ = {isa = PBXFileReference; lastKnownFileType = file.storyboard; path = SkateMap.storyboard; sourceTree = "<group>"; };
		AC033FDE2195DCEF0005259B /* en */ = {isa = PBXFileReference; lastKnownFileType = text.plist.strings; name = en; path = en.lproj/Localizable.strings; sourceTree = "<group>"; };
		AC033FE02195DCF10005259B /* hu */ = {isa = PBXFileReference; lastKnownFileType = text.plist.strings; name = hu; path = hu.lproj/Localizable.strings; sourceTree = "<group>"; };
		AC0340022195E18B0005259B /* en */ = {isa = PBXFileReference; lastKnownFileType = text.plist.strings; name = en; path = en.lproj/InfoPlist.strings; sourceTree = "<group>"; };
		AC0340042195E18C0005259B /* hu */ = {isa = PBXFileReference; lastKnownFileType = text.plist.strings; name = hu; path = hu.lproj/InfoPlist.strings; sourceTree = "<group>"; };
		AC0B89A52111FDA8006CDB7E /* PlaceDetailsViewController.swift */ = {isa = PBXFileReference; lastKnownFileType = sourcecode.swift; path = PlaceDetailsViewController.swift; sourceTree = "<group>"; };
		AC0B89A921120E39006CDB7E /* PlaceDetails.storyboard */ = {isa = PBXFileReference; lastKnownFileType = file.storyboard; path = PlaceDetails.storyboard; sourceTree = "<group>"; };
		AC18D5C4223BD95A00CB7243 /* PlaceSuggestionDisplayItem.swift */ = {isa = PBXFileReference; lastKnownFileType = sourcecode.swift; path = PlaceSuggestionDisplayItem.swift; sourceTree = "<group>"; };
		AC18D5C6223F074100CB7243 /* MediaPermissionService.swift */ = {isa = PBXFileReference; lastKnownFileType = sourcecode.swift; path = MediaPermissionService.swift; sourceTree = "<group>"; };
		AC18D5C82241801000CB7243 /* LoadingViewController.swift */ = {isa = PBXFileReference; lastKnownFileType = sourcecode.swift; path = LoadingViewController.swift; sourceTree = "<group>"; };
		AC18D5CA2242DC3900CB7243 /* UIResponderExtensions.swift */ = {isa = PBXFileReference; lastKnownFileType = sourcecode.swift; path = UIResponderExtensions.swift; sourceTree = "<group>"; };
		AC18D5CC22468CDA00CB7243 /* Theme.swift */ = {isa = PBXFileReference; lastKnownFileType = sourcecode.swift; path = Theme.swift; sourceTree = "<group>"; };
		AC20C31A21A0D22400D09E60 /* UIApplicationExtension.swift */ = {isa = PBXFileReference; lastKnownFileType = sourcecode.swift; path = UIApplicationExtension.swift; sourceTree = "<group>"; };
		AC26A96B218DD51700641C84 /* LocationService.swift */ = {isa = PBXFileReference; lastKnownFileType = sourcecode.swift; path = LocationService.swift; sourceTree = "<group>"; };
		AC273FD52234437500DF2AB9 /* SubmitPlaceCoordinator.swift */ = {isa = PBXFileReference; lastKnownFileType = sourcecode.swift; path = SubmitPlaceCoordinator.swift; sourceTree = "<group>"; };
		AC273FD72234465300DF2AB9 /* LaunchScreen.storyboard */ = {isa = PBXFileReference; lastKnownFileType = file.storyboard; path = LaunchScreen.storyboard; sourceTree = "<group>"; };
		AC2C030821AADC6300784F4E /* PlaceWebService.swift */ = {isa = PBXFileReference; lastKnownFileType = sourcecode.swift; path = PlaceWebService.swift; sourceTree = "<group>"; };
		AC2C030C21AADD1B00784F4E /* PlaceInfoApiModel.swift */ = {isa = PBXFileReference; fileEncoding = 4; lastKnownFileType = sourcecode.swift; path = PlaceInfoApiModel.swift; sourceTree = "<group>"; };
		AC2C030E21AADD1B00784F4E /* PlaceApiModel.swift */ = {isa = PBXFileReference; fileEncoding = 4; lastKnownFileType = sourcecode.swift; path = PlaceApiModel.swift; sourceTree = "<group>"; };
		AC2D9DA721335523003A6263 /* HalfScreenModalPresentationController.swift */ = {isa = PBXFileReference; lastKnownFileType = sourcecode.swift; path = HalfScreenModalPresentationController.swift; sourceTree = "<group>"; };
		AC2D9DA921335558003A6263 /* PlaceFilterViewController.swift */ = {isa = PBXFileReference; lastKnownFileType = sourcecode.swift; path = PlaceFilterViewController.swift; sourceTree = "<group>"; };
		AC2E12A8211276D600A5B05E /* UIViewExtensions.swift */ = {isa = PBXFileReference; lastKnownFileType = sourcecode.swift; path = UIViewExtensions.swift; sourceTree = "<group>"; };
		AC3D6F41217DCE3200BCDC02 /* RoutingViewController.swift */ = {isa = PBXFileReference; lastKnownFileType = sourcecode.swift; path = RoutingViewController.swift; sourceTree = "<group>"; };
		AC54EABD21B9CCF8008694CF /* PlaceCachingService.swift */ = {isa = PBXFileReference; lastKnownFileType = sourcecode.swift; path = PlaceCachingService.swift; sourceTree = "<group>"; };
		AC63325120FA95C2007E5D98 /* SkateBudapest.app */ = {isa = PBXFileReference; explicitFileType = wrapper.application; includeInIndex = 0; path = SkateBudapest.app; sourceTree = BUILT_PRODUCTS_DIR; };
		AC63325420FA95C2007E5D98 /* AppDelegate.swift */ = {isa = PBXFileReference; lastKnownFileType = sourcecode.swift; path = AppDelegate.swift; sourceTree = "<group>"; };
		AC63325620FA95C2007E5D98 /* SkateMapViewController.swift */ = {isa = PBXFileReference; lastKnownFileType = sourcecode.swift; path = SkateMapViewController.swift; sourceTree = "<group>"; };
		AC63325B20FA95C3007E5D98 /* Assets.xcassets */ = {isa = PBXFileReference; lastKnownFileType = folder.assetcatalog; path = Assets.xcassets; sourceTree = "<group>"; };
		AC63326020FA95C3007E5D98 /* Info.plist */ = {isa = PBXFileReference; lastKnownFileType = text.plist.xml; path = Info.plist; sourceTree = "<group>"; };
		AC64A9AD225558F7006728D6 /* UIImageExtension.swift */ = {isa = PBXFileReference; lastKnownFileType = sourcecode.swift; path = UIImageExtension.swift; sourceTree = "<group>"; };
		AC64A9AF225880B7006728D6 /* UITextFieldExtensions.swift */ = {isa = PBXFileReference; lastKnownFileType = sourcecode.swift; path = UITextFieldExtensions.swift; sourceTree = "<group>"; };
		AC64A9B122588177006728D6 /* ValidatorFactory.swift */ = {isa = PBXFileReference; lastKnownFileType = sourcecode.swift; path = ValidatorFactory.swift; sourceTree = "<group>"; };
		AC64A9B42258891B006728D6 /* ValidationError.swift */ = {isa = PBXFileReference; lastKnownFileType = sourcecode.swift; path = ValidationError.swift; sourceTree = "<group>"; };
		AC64A9B622588942006728D6 /* EmailFormatValidator.swift */ = {isa = PBXFileReference; lastKnownFileType = sourcecode.swift; path = EmailFormatValidator.swift; sourceTree = "<group>"; };
		AC64A9B922588A8A006728D6 /* TextLengthValidator.swift */ = {isa = PBXFileReference; lastKnownFileType = sourcecode.swift; path = TextLengthValidator.swift; sourceTree = "<group>"; };
		AC64A9BD22588CFF006728D6 /* UITextViewExtensions.swift */ = {isa = PBXFileReference; lastKnownFileType = sourcecode.swift; path = UITextViewExtensions.swift; sourceTree = "<group>"; };
		AC64A9BF22589932006728D6 /* ImageSizeBiggerThanValidator.swift */ = {isa = PBXFileReference; lastKnownFileType = sourcecode.swift; path = ImageSizeBiggerThanValidator.swift; sourceTree = "<group>"; };
		AC64A9C12258DCE7006728D6 /* CGSizeExtension.swift */ = {isa = PBXFileReference; lastKnownFileType = sourcecode.swift; path = CGSizeExtension.swift; sourceTree = "<group>"; };
		AC64A9C3225AA27D006728D6 /* ImageIsRequiredValidator.swift */ = {isa = PBXFileReference; lastKnownFileType = sourcecode.swift; path = ImageIsRequiredValidator.swift; sourceTree = "<group>"; };
		AC6905F821C073AF00A2088A /* NetworkError.swift */ = {isa = PBXFileReference; lastKnownFileType = sourcecode.swift; path = NetworkError.swift; sourceTree = "<group>"; };
		AC6905FA21C073C900A2088A /* RealmError.swift */ = {isa = PBXFileReference; lastKnownFileType = sourcecode.swift; path = RealmError.swift; sourceTree = "<group>"; };
		AC6905FC21C073E400A2088A /* BaseError.swift */ = {isa = PBXFileReference; lastKnownFileType = sourcecode.swift; path = BaseError.swift; sourceTree = "<group>"; };
		AC69060421C0784300A2088A /* Result.swift */ = {isa = PBXFileReference; lastKnownFileType = sourcecode.swift; path = Result.swift; sourceTree = "<group>"; };
		AC6BD19021B0843500C20451 /* PlaceRealmModel.swift */ = {isa = PBXFileReference; lastKnownFileType = sourcecode.swift; path = PlaceRealmModel.swift; sourceTree = "<group>"; };
		AC6BD19221B08AA000C20451 /* RealmService.swift */ = {isa = PBXFileReference; lastKnownFileType = sourcecode.swift; path = RealmService.swift; sourceTree = "<group>"; };
		AC6BD19621B2B1A600C20451 /* BaseWebService.swift */ = {isa = PBXFileReference; lastKnownFileType = sourcecode.swift; path = BaseWebService.swift; sourceTree = "<group>"; };
		AC6BD19B21B2B63C00C20451 /* SimpleAlertDialog.swift */ = {isa = PBXFileReference; lastKnownFileType = sourcecode.swift; path = SimpleAlertDialog.swift; sourceTree = "<group>"; };
		AC7B368F227E266B000A2C9C /* MKMapViewExtensions.swift */ = {isa = PBXFileReference; lastKnownFileType = sourcecode.swift; path = MKMapViewExtensions.swift; sourceTree = "<group>"; };
		AC7F33CA22386C7F0015B1C8 /* UIViewControllerExtensions.swift */ = {isa = PBXFileReference; lastKnownFileType = sourcecode.swift; path = UIViewControllerExtensions.swift; sourceTree = "<group>"; };
		AC8597752236F6B9009C0D6F /* RoutingEmptyViewController.swift */ = {isa = PBXFileReference; lastKnownFileType = sourcecode.swift; path = RoutingEmptyViewController.swift; sourceTree = "<group>"; };
		AC8F8B8D21C518BF00001551 /* ImageService.swift */ = {isa = PBXFileReference; lastKnownFileType = sourcecode.swift; path = ImageService.swift; sourceTree = "<group>"; };
		AC90789021297E6300FC0528 /* ImageViewerViewController.swift */ = {isa = PBXFileReference; lastKnownFileType = sourcecode.swift; path = ImageViewerViewController.swift; sourceTree = "<group>"; };
		AC907892212997F600FC0528 /* UIImageViewExtensions.swift */ = {isa = PBXFileReference; lastKnownFileType = sourcecode.swift; path = UIImageViewExtensions.swift; sourceTree = "<group>"; };
		AC9078942129B72900FC0528 /* ImagePreviewFullViewCell.swift */ = {isa = PBXFileReference; lastKnownFileType = sourcecode.swift; path = ImagePreviewFullViewCell.swift; sourceTree = "<group>"; };
		AC95CF5E2157C72000D90F04 /* TimeIntervalExtensions.swift */ = {isa = PBXFileReference; lastKnownFileType = sourcecode.swift; path = TimeIntervalExtensions.swift; sourceTree = "<group>"; };
		ACA489BA20FA9E890084D9F3 /* Constants.swift */ = {isa = PBXFileReference; lastKnownFileType = sourcecode.swift; path = Constants.swift; sourceTree = "<group>"; };
		ACA489BC20FA9EB50084D9F3 /* UIColorExtensions.swift */ = {isa = PBXFileReference; lastKnownFileType = sourcecode.swift; path = UIColorExtensions.swift; sourceTree = "<group>"; };
		ACB292E7223541BF00DBB862 /* PlaceSuggestionApiModel.swift */ = {isa = PBXFileReference; fileEncoding = 4; lastKnownFileType = sourcecode.swift; path = PlaceSuggestionApiModel.swift; sourceTree = "<group>"; };
		ACB292EB223541F000DBB862 /* SubmitTextsViewController.swift */ = {isa = PBXFileReference; fileEncoding = 4; lastKnownFileType = sourcecode.swift; path = SubmitTextsViewController.swift; sourceTree = "<group>"; };
		ACB292EC223541F000DBB862 /* SubmitPositionViewController.swift */ = {isa = PBXFileReference; fileEncoding = 4; lastKnownFileType = sourcecode.swift; path = SubmitPositionViewController.swift; sourceTree = "<group>"; };
		ACB292ED223541F000DBB862 /* SubmitTypeSelectorViewController.swift */ = {isa = PBXFileReference; fileEncoding = 4; lastKnownFileType = sourcecode.swift; path = SubmitTypeSelectorViewController.swift; sourceTree = "<group>"; };
		ACB292EE223541F000DBB862 /* SubmitResultViewController.swift */ = {isa = PBXFileReference; fileEncoding = 4; lastKnownFileType = sourcecode.swift; path = SubmitResultViewController.swift; sourceTree = "<group>"; };
		ACB292EF223541F000DBB862 /* SubmitImagesViewController.swift */ = {isa = PBXFileReference; fileEncoding = 4; lastKnownFileType = sourcecode.swift; path = SubmitImagesViewController.swift; sourceTree = "<group>"; };
		ACB292F72235429F00DBB862 /* SubmitPlace.storyboard */ = {isa = PBXFileReference; fileEncoding = 4; lastKnownFileType = file.storyboard; path = SubmitPlace.storyboard; sourceTree = "<group>"; };
		ACB6CF7F2128681C00583F11 /* Budapest, Hungary.gpx */ = {isa = PBXFileReference; lastKnownFileType = text.xml; path = "Budapest, Hungary.gpx"; sourceTree = "<group>"; };
		ACCAC18D2234260C00502D6B /* Coordinator.swift */ = {isa = PBXFileReference; lastKnownFileType = sourcecode.swift; path = Coordinator.swift; sourceTree = "<group>"; };
		ACCAC18F2234279300502D6B /* StoryboardLoadable.swift */ = {isa = PBXFileReference; lastKnownFileType = sourcecode.swift; path = StoryboardLoadable.swift; sourceTree = "<group>"; };
		ACCAC1922234292900502D6B /* SkateMapCoordinator.swift */ = {isa = PBXFileReference; lastKnownFileType = sourcecode.swift; path = SkateMapCoordinator.swift; sourceTree = "<group>"; };
		ACCAC19422342B9800502D6B /* MainCoordinator.swift */ = {isa = PBXFileReference; lastKnownFileType = sourcecode.swift; path = MainCoordinator.swift; sourceTree = "<group>"; };
		ACD5CBB621D190FE00EDE3E0 /* StringExtensions.swift */ = {isa = PBXFileReference; fileEncoding = 4; lastKnownFileType = sourcecode.swift; path = StringExtensions.swift; sourceTree = "<group>"; };
		ACD5CBBA21D195B300EDE3E0 /* Localizable.swift */ = {isa = PBXFileReference; lastKnownFileType = sourcecode.swift; path = Localizable.swift; sourceTree = "<group>"; };
		ACD5CBBC21D195E700EDE3E0 /* Texts.swift */ = {isa = PBXFileReference; lastKnownFileType = sourcecode.swift; path = Texts.swift; sourceTree = "<group>"; };
		ACE6F71121B897B4000ABDF1 /* PlaceDisplayItem.swift */ = {isa = PBXFileReference; lastKnownFileType = sourcecode.swift; path = PlaceDisplayItem.swift; sourceTree = "<group>"; };
		ACE6F71621B899F7000ABDF1 /* PlaceInfoRealmModel.swift */ = {isa = PBXFileReference; lastKnownFileType = sourcecode.swift; path = PlaceInfoRealmModel.swift; sourceTree = "<group>"; };
		ACEB8C8522623AF400873D0A /* DoubleExtensions.swift */ = {isa = PBXFileReference; lastKnownFileType = sourcecode.swift; path = DoubleExtensions.swift; sourceTree = "<group>"; };
		EDBF9272CB4FF371E86764D1 /* Pods_SkateBudapest.framework */ = {isa = PBXFileReference; explicitFileType = wrapper.framework; includeInIndex = 0; path = Pods_SkateBudapest.framework; sourceTree = BUILT_PRODUCTS_DIR; };
/* End PBXFileReference section */

/* Begin PBXFrameworksBuildPhase section */
		AC63324E20FA95C2007E5D98 /* Frameworks */ = {
			isa = PBXFrameworksBuildPhase;
			buildActionMask = 2147483647;
			files = (
				71D139B1AAE373A160574D72 /* Pods_SkateBudapest.framework in Frameworks */,
			);
			runOnlyForDeploymentPostprocessing = 0;
		};
/* End PBXFrameworksBuildPhase section */

/* Begin PBXGroup section */
		47704572B094EB0E34445C14 /* Frameworks */ = {
			isa = PBXGroup;
			children = (
				EDBF9272CB4FF371E86764D1 /* Pods_SkateBudapest.framework */,
			);
			name = Frameworks;
			sourceTree = "<group>";
		};
		AC033FDA2195DC3C0005259B /* Strings */ = {
			isa = PBXGroup;
			children = (
				AC0340032195E18B0005259B /* InfoPlist.strings */,
				AC033FDF2195DCEF0005259B /* Localizable.strings */,
			);
			path = Strings;
			sourceTree = "<group>";
		};
		AC033FED2195DEF50005259B /* Images */ = {
			isa = PBXGroup;
			children = (
				AC63325B20FA95C3007E5D98 /* Assets.xcassets */,
			);
			path = Images;
			sourceTree = "<group>";
		};
		AC0B89A72111FDBA006CDB7E /* PlaceDetailsScreen */ = {
			isa = PBXGroup;
			children = (
				AC2D9DAD21335D91003A6263 /* DetailsScreen */,
				AC975D3E212F10340021DC7A /* ImageViewer */,
			);
			path = PlaceDetailsScreen;
			sourceTree = "<group>";
		};
		AC10B83421B896AF00C03E40 /* Api Model */ = {
			isa = PBXGroup;
			children = (
				AC2C030E21AADD1B00784F4E /* PlaceApiModel.swift */,
				AC2C030C21AADD1B00784F4E /* PlaceInfoApiModel.swift */,
				ACB292E7223541BF00DBB862 /* PlaceSuggestionApiModel.swift */,
			);
			path = "Api Model";
			sourceTree = "<group>";
		};
		AC171D5E2103D7CA008747AB /* App flow */ = {
			isa = PBXGroup;
			children = (
				ACCAC19422342B9800502D6B /* MainCoordinator.swift */,
				AC273FD72234465300DF2AB9 /* LaunchScreen.storyboard */,
				AC171D5F2103D7D4008747AB /* SkateMap */,
				AC9003FE2193758A0007F7E5 /* SubmitPlace */,
			);
			path = "App flow";
			sourceTree = "<group>";
		};
		AC171D5F2103D7D4008747AB /* SkateMap */ = {
			isa = PBXGroup;
			children = (
				AC2D9DAB21335D58003A6263 /* MapScreen */,
				AC2D9DAC21335D70003A6263 /* FilteringScreen */,
				AC0B89A72111FDBA006CDB7E /* PlaceDetailsScreen */,
				ACB292F922358EE900DBB862 /* Coordinators */,
				AC171D602103D7E6008747AB /* Storyboards */,
			);
			path = SkateMap;
			sourceTree = "<group>";
		};
		AC171D602103D7E6008747AB /* Storyboards */ = {
			isa = PBXGroup;
			children = (
				AC033FB12195D04B0005259B /* SkateMap.storyboard */,
				AC0B89A921120E39006CDB7E /* PlaceDetails.storyboard */,
			);
			path = Storyboards;
			sourceTree = "<group>";
		};
		AC2C030721AADC4900784F4E /* Services */ = {
			isa = PBXGroup;
			children = (
				AC6905FF21C0740E00A2088A /* Networking */,
				AC69060121C0746C00A2088A /* Database */,
				AC69060021C0742600A2088A /* Misc */,
			);
			path = Services;
			sourceTree = "<group>";
		};
		AC2C030B21AADD0400784F4E /* Model */ = {
			isa = PBXGroup;
			children = (
				AC10B83421B896AF00C03E40 /* Api Model */,
				AC6BD18F21B083B800C20451 /* Realm Model */,
				ACE6F71021B8975A000ABDF1 /* Display Model */,
				ACE6F71321B89861000ABDF1 /* Shared */,
			);
			path = Model;
			sourceTree = "<group>";
		};
		AC2D9DAB21335D58003A6263 /* MapScreen */ = {
			isa = PBXGroup;
			children = (
				AC63325620FA95C2007E5D98 /* SkateMapViewController.swift */,
			);
			path = MapScreen;
			sourceTree = "<group>";
		};
		AC2D9DAC21335D70003A6263 /* FilteringScreen */ = {
			isa = PBXGroup;
			children = (
				AC2D9DA921335558003A6263 /* PlaceFilterViewController.swift */,
				AC2D9DA721335523003A6263 /* HalfScreenModalPresentationController.swift */,
			);
			path = FilteringScreen;
			sourceTree = "<group>";
		};
		AC2D9DAD21335D91003A6263 /* DetailsScreen */ = {
			isa = PBXGroup;
			children = (
				AC0B89A52111FDA8006CDB7E /* PlaceDetailsViewController.swift */,
				AC3D6F41217DCE3200BCDC02 /* RoutingViewController.swift */,
				AC8597752236F6B9009C0D6F /* RoutingEmptyViewController.swift */,
			);
			path = DetailsScreen;
			sourceTree = "<group>";
		};
		AC63324820FA95C2007E5D98 = {
			isa = PBXGroup;
			children = (
				AC63325320FA95C2007E5D98 /* SkateBudapest */,
				AC63325220FA95C2007E5D98 /* Products */,
				D3E59318DCC8C505C7AD5C3C /* Pods */,
				47704572B094EB0E34445C14 /* Frameworks */,
			);
			sourceTree = "<group>";
		};
		AC63325220FA95C2007E5D98 /* Products */ = {
			isa = PBXGroup;
			children = (
				AC63325120FA95C2007E5D98 /* SkateBudapest.app */,
			);
			name = Products;
			sourceTree = "<group>";
		};
		AC63325320FA95C2007E5D98 /* SkateBudapest */ = {
			isa = PBXGroup;
			children = (
				AC63325420FA95C2007E5D98 /* AppDelegate.swift */,
				AC171D5E2103D7CA008747AB /* App flow */,
				AC2C030721AADC4900784F4E /* Services */,
				AC2C030B21AADD0400784F4E /* Model */,
				AC6BD19A21B2B61B00C20451 /* Common */,
				AC76CF8A20FA973C003ED70F /* Resources */,
				AC76CF8920FA9729003ED70F /* Supporting Files */,
			);
			path = SkateBudapest;
			sourceTree = "<group>";
		};
		AC64A9B3225881E7006728D6 /* Validation */ = {
			isa = PBXGroup;
			children = (
				AC64A9B822588A70006728D6 /* Validators */,
				AC64A9B42258891B006728D6 /* ValidationError.swift */,
				AC64A9B122588177006728D6 /* ValidatorFactory.swift */,
			);
			path = Validation;
			sourceTree = "<group>";
		};
		AC64A9B822588A70006728D6 /* Validators */ = {
			isa = PBXGroup;
			children = (
				AC64A9B622588942006728D6 /* EmailFormatValidator.swift */,
				AC64A9C3225AA27D006728D6 /* ImageIsRequiredValidator.swift */,
				AC64A9BF22589932006728D6 /* ImageSizeBiggerThanValidator.swift */,
				AC64A9B922588A8A006728D6 /* TextLengthValidator.swift */,
			);
			path = Validators;
			sourceTree = "<group>";
		};
		AC6905FF21C0740E00A2088A /* Networking */ = {
			isa = PBXGroup;
			children = (
				AC2C030821AADC6300784F4E /* PlaceWebService.swift */,
			);
			path = Networking;
			sourceTree = "<group>";
		};
		AC69060021C0742600A2088A /* Misc */ = {
			isa = PBXGroup;
			children = (
				AC54EABD21B9CCF8008694CF /* PlaceCachingService.swift */,
				AC26A96B218DD51700641C84 /* LocationService.swift */,
				AC18D5C6223F074100CB7243 /* MediaPermissionService.swift */,
				AC8F8B8D21C518BF00001551 /* ImageService.swift */,
			);
			path = Misc;
			sourceTree = "<group>";
		};
		AC69060121C0746C00A2088A /* Database */ = {
			isa = PBXGroup;
			children = (
				AC6BD19221B08AA000C20451 /* RealmService.swift */,
			);
			path = Database;
			sourceTree = "<group>";
		};
		AC6BD18F21B083B800C20451 /* Realm Model */ = {
			isa = PBXGroup;
			children = (
				AC6BD19021B0843500C20451 /* PlaceRealmModel.swift */,
				ACE6F71621B899F7000ABDF1 /* PlaceInfoRealmModel.swift */,
			);
			path = "Realm Model";
			sourceTree = "<group>";
		};
		AC6BD19A21B2B61B00C20451 /* Common */ = {
			isa = PBXGroup;
			children = (
				ACA489BE20FA9EBA0084D9F3 /* Extensions */,
				ACD5CBB921D1955300EDE3E0 /* Interfaces */,
				ACD5CBB821D1953C00EDE3E0 /* UI */,
				AC64A9B3225881E7006728D6 /* Validation */,
				ACA489BA20FA9E890084D9F3 /* Constants.swift */,
				ACD5CBBC21D195E700EDE3E0 /* Texts.swift */,
				AC18D5CC22468CDA00CB7243 /* Theme.swift */,
			);
			path = Common;
			sourceTree = "<group>";
		};
		AC76CF8920FA9729003ED70F /* Supporting Files */ = {
			isa = PBXGroup;
			children = (
				AC63326020FA95C3007E5D98 /* Info.plist */,
				ACB6CF7F2128681C00583F11 /* Budapest, Hungary.gpx */,
			);
			path = "Supporting Files";
			sourceTree = "<group>";
		};
		AC76CF8A20FA973C003ED70F /* Resources */ = {
			isa = PBXGroup;
			children = (
				AC033FED2195DEF50005259B /* Images */,
				AC033FDA2195DC3C0005259B /* Strings */,
			);
			path = Resources;
			sourceTree = "<group>";
		};
		AC9003FE2193758A0007F7E5 /* SubmitPlace */ = {
			isa = PBXGroup;
			children = (
				AC947F66219E2BC7005007C4 /* SubmitPlaceScreen */,
				ACB292FA22358F0F00DBB862 /* Coordinators */,
				AC9003FF219375AD0007F7E5 /* Storyboards */,
			);
			path = SubmitPlace;
			sourceTree = "<group>";
		};
		AC9003FF219375AD0007F7E5 /* Storyboards */ = {
			isa = PBXGroup;
			children = (
				ACB292F72235429F00DBB862 /* SubmitPlace.storyboard */,
			);
			path = Storyboards;
			sourceTree = "<group>";
		};
		AC947F66219E2BC7005007C4 /* SubmitPlaceScreen */ = {
			isa = PBXGroup;
			children = (
				ACB292ED223541F000DBB862 /* SubmitTypeSelectorViewController.swift */,
				ACB292EB223541F000DBB862 /* SubmitTextsViewController.swift */,
				ACB292EF223541F000DBB862 /* SubmitImagesViewController.swift */,
				ACB292EC223541F000DBB862 /* SubmitPositionViewController.swift */,
				ACB292EE223541F000DBB862 /* SubmitResultViewController.swift */,
			);
			path = SubmitPlaceScreen;
			sourceTree = "<group>";
		};
		AC975D3E212F10340021DC7A /* ImageViewer */ = {
			isa = PBXGroup;
			children = (
				AC90789021297E6300FC0528 /* ImageViewerViewController.swift */,
				AC9078942129B72900FC0528 /* ImagePreviewFullViewCell.swift */,
			);
			path = ImageViewer;
			sourceTree = "<group>";
		};
		ACA489BE20FA9EBA0084D9F3 /* Extensions */ = {
			isa = PBXGroup;
			children = (
				AC64A9C12258DCE7006728D6 /* CGSizeExtension.swift */,
				ACEB8C8522623AF400873D0A /* DoubleExtensions.swift */,
				AC7B368F227E266B000A2C9C /* MKMapViewExtensions.swift */,
				ACD5CBB621D190FE00EDE3E0 /* StringExtensions.swift */,
				AC95CF5E2157C72000D90F04 /* TimeIntervalExtensions.swift */,
				AC20C31A21A0D22400D09E60 /* UIApplicationExtension.swift */,
				ACA489BC20FA9EB50084D9F3 /* UIColorExtensions.swift */,
				AC64A9AD225558F7006728D6 /* UIImageExtension.swift */,
				AC907892212997F600FC0528 /* UIImageViewExtensions.swift */,
				AC18D5CA2242DC3900CB7243 /* UIResponderExtensions.swift */,
				AC64A9AF225880B7006728D6 /* UITextFieldExtensions.swift */,
				AC64A9BD22588CFF006728D6 /* UITextViewExtensions.swift */,
				AC7F33CA22386C7F0015B1C8 /* UIViewControllerExtensions.swift */,
				AC2E12A8211276D600A5B05E /* UIViewExtensions.swift */,
			);
			path = Extensions;
			sourceTree = "<group>";
		};
		ACB292F922358EE900DBB862 /* Coordinators */ = {
			isa = PBXGroup;
			children = (
				ACCAC1922234292900502D6B /* SkateMapCoordinator.swift */,
			);
			path = Coordinators;
			sourceTree = "<group>";
		};
		ACB292FA22358F0F00DBB862 /* Coordinators */ = {
			isa = PBXGroup;
			children = (
				AC273FD52234437500DF2AB9 /* SubmitPlaceCoordinator.swift */,
			);
			path = Coordinators;
			sourceTree = "<group>";
		};
		ACD5CBB821D1953C00EDE3E0 /* UI */ = {
			isa = PBXGroup;
			children = (
				AC18D5C82241801000CB7243 /* LoadingViewController.swift */,
				AC6BD19B21B2B63C00C20451 /* SimpleAlertDialog.swift */,
			);
			path = UI;
			sourceTree = "<group>";
		};
		ACD5CBB921D1955300EDE3E0 /* Interfaces */ = {
			isa = PBXGroup;
			children = (
				AC6905FC21C073E400A2088A /* BaseError.swift */,
				AC6BD19621B2B1A600C20451 /* BaseWebService.swift */,
				ACCAC18D2234260C00502D6B /* Coordinator.swift */,
				ACD5CBBA21D195B300EDE3E0 /* Localizable.swift */,
				ACCAC18F2234279300502D6B /* StoryboardLoadable.swift */,
			);
			path = Interfaces;
			sourceTree = "<group>";
		};
		ACE6F71021B8975A000ABDF1 /* Display Model */ = {
			isa = PBXGroup;
			children = (
				ACE6F71121B897B4000ABDF1 /* PlaceDisplayItem.swift */,
				AC18D5C4223BD95A00CB7243 /* PlaceSuggestionDisplayItem.swift */,
			);
			path = "Display Model";
			sourceTree = "<group>";
		};
		ACE6F71321B89861000ABDF1 /* Shared */ = {
			isa = PBXGroup;
			children = (
				AC6905FA21C073C900A2088A /* RealmError.swift */,
				AC6905F821C073AF00A2088A /* NetworkError.swift */,
				AC69060421C0784300A2088A /* Result.swift */,
			);
			path = Shared;
			sourceTree = "<group>";
		};
		D3E59318DCC8C505C7AD5C3C /* Pods */ = {
			isa = PBXGroup;
			children = (
				5BFA439337F32B88E74100A9 /* Pods-SkateBudapest.debug.xcconfig */,
				8F4E8B82433073F1FF792AD8 /* Pods-SkateBudapest.release.xcconfig */,
			);
			name = Pods;
			sourceTree = "<group>";
		};
/* End PBXGroup section */

/* Begin PBXNativeTarget section */
		AC63325020FA95C2007E5D98 /* SkateBudapest */ = {
			isa = PBXNativeTarget;
			buildConfigurationList = AC63326320FA95C3007E5D98 /* Build configuration list for PBXNativeTarget "SkateBudapest" */;
			buildPhases = (
				3CCC1C06ACE1102EB937AF45 /* [CP] Check Pods Manifest.lock */,
				AC76CF8B20FA977A003ED70F /* SwiftLint */,
				AC63324D20FA95C2007E5D98 /* Sources */,
				AC63324E20FA95C2007E5D98 /* Frameworks */,
				AC63324F20FA95C2007E5D98 /* Resources */,
				CA87A19D3985D1D7E59610EB /* [CP] Embed Pods Frameworks */,
			);
			buildRules = (
			);
			dependencies = (
			);
			name = SkateBudapest;
			productName = SkateBudapest;
			productReference = AC63325120FA95C2007E5D98 /* SkateBudapest.app */;
			productType = "com.apple.product-type.application";
		};
/* End PBXNativeTarget section */

/* Begin PBXProject section */
		AC63324920FA95C2007E5D98 /* Project object */ = {
			isa = PBXProject;
			attributes = {
				LastSwiftUpdateCheck = 0940;
				LastUpgradeCheck = 1010;
				ORGANIZATIONNAME = "Horváth Balázs";
				TargetAttributes = {
					AC63325020FA95C2007E5D98 = {
						CreatedOnToolsVersion = 9.4.1;
						LastSwiftMigration = 1020;
					};
				};
			};
			buildConfigurationList = AC63324C20FA95C2007E5D98 /* Build configuration list for PBXProject "SkateBudapest" */;
			compatibilityVersion = "Xcode 9.3";
			developmentRegion = en;
			hasScannedForEncodings = 0;
			knownRegions = (
				en,
				Base,
				hu,
			);
			mainGroup = AC63324820FA95C2007E5D98;
			productRefGroup = AC63325220FA95C2007E5D98 /* Products */;
			projectDirPath = "";
			projectRoot = "";
			targets = (
				AC63325020FA95C2007E5D98 /* SkateBudapest */,
			);
		};
/* End PBXProject section */

/* Begin PBXResourcesBuildPhase section */
		AC63324F20FA95C2007E5D98 /* Resources */ = {
			isa = PBXResourcesBuildPhase;
			buildActionMask = 2147483647;
			files = (
				ACB292F82235429F00DBB862 /* SubmitPlace.storyboard in Resources */,
				AC273FD82234465300DF2AB9 /* LaunchScreen.storyboard in Resources */,
				AC033FDD2195DCEF0005259B /* Localizable.strings in Resources */,
				AC0B89AA21120E39006CDB7E /* PlaceDetails.storyboard in Resources */,
				AC63325C20FA95C3007E5D98 /* Assets.xcassets in Resources */,
				AC033FB22195D04B0005259B /* SkateMap.storyboard in Resources */,
				AC0340012195E18B0005259B /* InfoPlist.strings in Resources */,
			);
			runOnlyForDeploymentPostprocessing = 0;
		};
/* End PBXResourcesBuildPhase section */

/* Begin PBXShellScriptBuildPhase section */
		3CCC1C06ACE1102EB937AF45 /* [CP] Check Pods Manifest.lock */ = {
			isa = PBXShellScriptBuildPhase;
			buildActionMask = 2147483647;
			files = (
			);
			inputPaths = (
				"${PODS_PODFILE_DIR_PATH}/Podfile.lock",
				"${PODS_ROOT}/Manifest.lock",
			);
			name = "[CP] Check Pods Manifest.lock";
			outputPaths = (
				"$(DERIVED_FILE_DIR)/Pods-SkateBudapest-checkManifestLockResult.txt",
			);
			runOnlyForDeploymentPostprocessing = 0;
			shellPath = /bin/sh;
			shellScript = "diff \"${PODS_PODFILE_DIR_PATH}/Podfile.lock\" \"${PODS_ROOT}/Manifest.lock\" > /dev/null\nif [ $? != 0 ] ; then\n    # print error to STDERR\n    echo \"error: The sandbox is not in sync with the Podfile.lock. Run 'pod install' or update your CocoaPods installation.\" >&2\n    exit 1\nfi\n# This output is used by Xcode 'outputs' to avoid re-running this script phase.\necho \"SUCCESS\" > \"${SCRIPT_OUTPUT_FILE_0}\"\n";
			showEnvVarsInLog = 0;
		};
		AC76CF8B20FA977A003ED70F /* SwiftLint */ = {
			isa = PBXShellScriptBuildPhase;
			buildActionMask = 2147483647;
			files = (
			);
			inputPaths = (
			);
			name = SwiftLint;
			outputPaths = (
			);
			runOnlyForDeploymentPostprocessing = 0;
			shellPath = /bin/sh;
			shellScript = "#exit\nif which swiftlint >/dev/null; then\nswiftlint\nelse\necho \"warning: SwiftLint not installed, download from https://github.com/realm/SwiftLint\"\nfi\n";
		};
		CA87A19D3985D1D7E59610EB /* [CP] Embed Pods Frameworks */ = {
			isa = PBXShellScriptBuildPhase;
			buildActionMask = 2147483647;
			files = (
			);
			inputPaths = (
				"${PODS_ROOT}/Target Support Files/Pods-SkateBudapest/Pods-SkateBudapest-frameworks.sh",
				"${BUILT_PRODUCTS_DIR}/Alamofire/Alamofire.framework",
				"${BUILT_PRODUCTS_DIR}/Realm/Realm.framework",
				"${BUILT_PRODUCTS_DIR}/RealmSwift/RealmSwift.framework",
			);
			name = "[CP] Embed Pods Frameworks";
			outputPaths = (
				"${TARGET_BUILD_DIR}/${FRAMEWORKS_FOLDER_PATH}/Alamofire.framework",
				"${TARGET_BUILD_DIR}/${FRAMEWORKS_FOLDER_PATH}/Realm.framework",
				"${TARGET_BUILD_DIR}/${FRAMEWORKS_FOLDER_PATH}/RealmSwift.framework",
			);
			runOnlyForDeploymentPostprocessing = 0;
			shellPath = /bin/sh;
			shellScript = "\"${PODS_ROOT}/Target Support Files/Pods-SkateBudapest/Pods-SkateBudapest-frameworks.sh\"\n";
			showEnvVarsInLog = 0;
		};
/* End PBXShellScriptBuildPhase section */

/* Begin PBXSourcesBuildPhase section */
		AC63324D20FA95C2007E5D98 /* Sources */ = {
			isa = PBXSourcesBuildPhase;
			buildActionMask = 2147483647;
			files = (
				ACB292F0223541F000DBB862 /* SubmitTextsViewController.swift in Sources */,
				AC907893212997F600FC0528 /* UIImageViewExtensions.swift in Sources */,
				AC64A9C022589932006728D6 /* ImageSizeBiggerThanValidator.swift in Sources */,
				AC18D5C92241801000CB7243 /* LoadingViewController.swift in Sources */,
				AC6BD19121B0843500C20451 /* PlaceRealmModel.swift in Sources */,
				AC95CF5F2157C72000D90F04 /* TimeIntervalExtensions.swift in Sources */,
				AC64A9BA22588A8A006728D6 /* TextLengthValidator.swift in Sources */,
				AC64A9AE225558F7006728D6 /* UIImageExtension.swift in Sources */,
				AC64A9B222588177006728D6 /* ValidatorFactory.swift in Sources */,
				ACD5CBB721D190FE00EDE3E0 /* StringExtensions.swift in Sources */,
				ACD5CBBD21D195E700EDE3E0 /* Texts.swift in Sources */,
				ACCAC1902234279300502D6B /* StoryboardLoadable.swift in Sources */,
				ACE6F71221B897B4000ABDF1 /* PlaceDisplayItem.swift in Sources */,
				ACCAC18E2234260C00502D6B /* Coordinator.swift in Sources */,
				ACB292E8223541BF00DBB862 /* PlaceSuggestionApiModel.swift in Sources */,
				AC8F8B8E21C518BF00001551 /* ImageService.swift in Sources */,
				AC63325720FA95C2007E5D98 /* SkateMapViewController.swift in Sources */,
				ACE6F71721B899F7000ABDF1 /* PlaceInfoRealmModel.swift in Sources */,
				AC64A9BE22588CFF006728D6 /* UITextViewExtensions.swift in Sources */,
				AC9078952129B72900FC0528 /* ImagePreviewFullViewCell.swift in Sources */,
				AC69060521C0784300A2088A /* Result.swift in Sources */,
				AC7F33CB22386C7F0015B1C8 /* UIViewControllerExtensions.swift in Sources */,
				ACEB8C8622623AF400873D0A /* DoubleExtensions.swift in Sources */,
				AC6905F921C073AF00A2088A /* NetworkError.swift in Sources */,
				AC64A9C22258DCE7006728D6 /* CGSizeExtension.swift in Sources */,
				AC63325520FA95C2007E5D98 /* AppDelegate.swift in Sources */,
				AC6BD19C21B2B63C00C20451 /* SimpleAlertDialog.swift in Sources */,
				ACB292F2223541F000DBB862 /* SubmitTypeSelectorViewController.swift in Sources */,
				AC18D5CB2242DC3900CB7243 /* UIResponderExtensions.swift in Sources */,
				AC90789121297E6300FC0528 /* ImageViewerViewController.swift in Sources */,
				AC64A9B52258891B006728D6 /* ValidationError.swift in Sources */,
				AC64A9B722588942006728D6 /* EmailFormatValidator.swift in Sources */,
				AC6BD19321B08AA000C20451 /* RealmService.swift in Sources */,
				AC8597762236F6B9009C0D6F /* RoutingEmptyViewController.swift in Sources */,
				ACA489BB20FA9E890084D9F3 /* Constants.swift in Sources */,
				AC2C030921AADC6300784F4E /* PlaceWebService.swift in Sources */,
				AC2C030F21AADD1B00784F4E /* PlaceInfoApiModel.swift in Sources */,
				AC2D9DAA21335558003A6263 /* PlaceFilterViewController.swift in Sources */,
				AC3D6F42217DCE3200BCDC02 /* RoutingViewController.swift in Sources */,
				AC18D5C5223BD95A00CB7243 /* PlaceSuggestionDisplayItem.swift in Sources */,
				AC26A96C218DD51700641C84 /* LocationService.swift in Sources */,
				AC273FD62234437500DF2AB9 /* SubmitPlaceCoordinator.swift in Sources */,
				AC54EABE21B9CCF8008694CF /* PlaceCachingService.swift in Sources */,
				ACCAC1932234292900502D6B /* SkateMapCoordinator.swift in Sources */,
				AC2C031121AADD1B00784F4E /* PlaceApiModel.swift in Sources */,
				AC6BD19721B2B1A600C20451 /* BaseWebService.swift in Sources */,
				AC0B89A62111FDA8006CDB7E /* PlaceDetailsViewController.swift in Sources */,
				ACA489BD20FA9EB50084D9F3 /* UIColorExtensions.swift in Sources */,
				ACB292F4223541F000DBB862 /* SubmitImagesViewController.swift in Sources */,
				AC6905FB21C073C900A2088A /* RealmError.swift in Sources */,
				AC18D5C7223F074100CB7243 /* MediaPermissionService.swift in Sources */,
				ACB292F3223541F000DBB862 /* SubmitResultViewController.swift in Sources */,
				AC7B3690227E266B000A2C9C /* MKMapViewExtensions.swift in Sources */,
				AC18D5CD22468CDA00CB7243 /* Theme.swift in Sources */,
				AC20C31B21A0D22400D09E60 /* UIApplicationExtension.swift in Sources */,
				AC64A9B0225880B7006728D6 /* UITextFieldExtensions.swift in Sources */,
				ACB292F1223541F000DBB862 /* SubmitPositionViewController.swift in Sources */,
				ACCAC19522342B9800502D6B /* MainCoordinator.swift in Sources */,
				AC64A9C4225AA27E006728D6 /* ImageIsRequiredValidator.swift in Sources */,
				AC2E12A9211276D600A5B05E /* UIViewExtensions.swift in Sources */,
				AC2D9DA821335523003A6263 /* HalfScreenModalPresentationController.swift in Sources */,
				ACD5CBBB21D195B300EDE3E0 /* Localizable.swift in Sources */,
				AC6905FD21C073E400A2088A /* BaseError.swift in Sources */,
			);
			runOnlyForDeploymentPostprocessing = 0;
		};
/* End PBXSourcesBuildPhase section */

/* Begin PBXVariantGroup section */
		AC033FDF2195DCEF0005259B /* Localizable.strings */ = {
			isa = PBXVariantGroup;
			children = (
				AC033FDE2195DCEF0005259B /* en */,
				AC033FE02195DCF10005259B /* hu */,
			);
			name = Localizable.strings;
			sourceTree = "<group>";
		};
		AC0340032195E18B0005259B /* InfoPlist.strings */ = {
			isa = PBXVariantGroup;
			children = (
				AC0340022195E18B0005259B /* en */,
				AC0340042195E18C0005259B /* hu */,
			);
			name = InfoPlist.strings;
			sourceTree = "<group>";
		};
/* End PBXVariantGroup section */

/* Begin XCBuildConfiguration section */
		AC63326120FA95C3007E5D98 /* Debug */ = {
			isa = XCBuildConfiguration;
			buildSettings = {
				ALWAYS_SEARCH_USER_PATHS = NO;
				CLANG_ANALYZER_LOCALIZABILITY_NONLOCALIZED = YES;
				CLANG_ANALYZER_NONNULL = YES;
				CLANG_ANALYZER_NUMBER_OBJECT_CONVERSION = YES_AGGRESSIVE;
				CLANG_CXX_LANGUAGE_STANDARD = "gnu++14";
				CLANG_CXX_LIBRARY = "libc++";
				CLANG_ENABLE_MODULES = YES;
				CLANG_ENABLE_OBJC_ARC = YES;
				CLANG_ENABLE_OBJC_WEAK = YES;
				CLANG_WARN_BLOCK_CAPTURE_AUTORELEASING = YES;
				CLANG_WARN_BOOL_CONVERSION = YES;
				CLANG_WARN_COMMA = YES;
				CLANG_WARN_CONSTANT_CONVERSION = YES;
				CLANG_WARN_DEPRECATED_OBJC_IMPLEMENTATIONS = YES;
				CLANG_WARN_DIRECT_OBJC_ISA_USAGE = YES_ERROR;
				CLANG_WARN_DOCUMENTATION_COMMENTS = YES;
				CLANG_WARN_EMPTY_BODY = YES;
				CLANG_WARN_ENUM_CONVERSION = YES;
				CLANG_WARN_INFINITE_RECURSION = YES;
				CLANG_WARN_INT_CONVERSION = YES;
				CLANG_WARN_NON_LITERAL_NULL_CONVERSION = YES;
				CLANG_WARN_OBJC_IMPLICIT_RETAIN_SELF = YES;
				CLANG_WARN_OBJC_LITERAL_CONVERSION = YES;
				CLANG_WARN_OBJC_ROOT_CLASS = YES_ERROR;
				CLANG_WARN_RANGE_LOOP_ANALYSIS = YES;
				CLANG_WARN_STRICT_PROTOTYPES = YES;
				CLANG_WARN_SUSPICIOUS_MOVE = YES;
				CLANG_WARN_UNGUARDED_AVAILABILITY = YES_AGGRESSIVE;
				CLANG_WARN_UNREACHABLE_CODE = YES;
				CLANG_WARN__DUPLICATE_METHOD_MATCH = YES;
				CODE_SIGN_IDENTITY = "iPhone Developer";
				COPY_PHASE_STRIP = NO;
				DEBUG_INFORMATION_FORMAT = dwarf;
				ENABLE_STRICT_OBJC_MSGSEND = YES;
				ENABLE_TESTABILITY = YES;
				GCC_C_LANGUAGE_STANDARD = gnu11;
				GCC_DYNAMIC_NO_PIC = NO;
				GCC_NO_COMMON_BLOCKS = YES;
				GCC_OPTIMIZATION_LEVEL = 0;
				GCC_PREPROCESSOR_DEFINITIONS = (
					"DEBUG=1",
					"$(inherited)",
				);
				GCC_WARN_64_TO_32_BIT_CONVERSION = YES;
				GCC_WARN_ABOUT_RETURN_TYPE = YES_ERROR;
				GCC_WARN_UNDECLARED_SELECTOR = YES;
				GCC_WARN_UNINITIALIZED_AUTOS = YES_AGGRESSIVE;
				GCC_WARN_UNUSED_FUNCTION = YES;
				GCC_WARN_UNUSED_VARIABLE = YES;
				IPHONEOS_DEPLOYMENT_TARGET = 10.0;
				MTL_ENABLE_DEBUG_INFO = YES;
				ONLY_ACTIVE_ARCH = YES;
				SDKROOT = iphoneos;
				SWIFT_ACTIVE_COMPILATION_CONDITIONS = DEBUG;
				SWIFT_OPTIMIZATION_LEVEL = "-Onone";
			};
			name = Debug;
		};
		AC63326220FA95C3007E5D98 /* Release */ = {
			isa = XCBuildConfiguration;
			buildSettings = {
				ALWAYS_SEARCH_USER_PATHS = NO;
				CLANG_ANALYZER_LOCALIZABILITY_NONLOCALIZED = YES;
				CLANG_ANALYZER_NONNULL = YES;
				CLANG_ANALYZER_NUMBER_OBJECT_CONVERSION = YES_AGGRESSIVE;
				CLANG_CXX_LANGUAGE_STANDARD = "gnu++14";
				CLANG_CXX_LIBRARY = "libc++";
				CLANG_ENABLE_MODULES = YES;
				CLANG_ENABLE_OBJC_ARC = YES;
				CLANG_ENABLE_OBJC_WEAK = YES;
				CLANG_WARN_BLOCK_CAPTURE_AUTORELEASING = YES;
				CLANG_WARN_BOOL_CONVERSION = YES;
				CLANG_WARN_COMMA = YES;
				CLANG_WARN_CONSTANT_CONVERSION = YES;
				CLANG_WARN_DEPRECATED_OBJC_IMPLEMENTATIONS = YES;
				CLANG_WARN_DIRECT_OBJC_ISA_USAGE = YES_ERROR;
				CLANG_WARN_DOCUMENTATION_COMMENTS = YES;
				CLANG_WARN_EMPTY_BODY = YES;
				CLANG_WARN_ENUM_CONVERSION = YES;
				CLANG_WARN_INFINITE_RECURSION = YES;
				CLANG_WARN_INT_CONVERSION = YES;
				CLANG_WARN_NON_LITERAL_NULL_CONVERSION = YES;
				CLANG_WARN_OBJC_IMPLICIT_RETAIN_SELF = YES;
				CLANG_WARN_OBJC_LITERAL_CONVERSION = YES;
				CLANG_WARN_OBJC_ROOT_CLASS = YES_ERROR;
				CLANG_WARN_RANGE_LOOP_ANALYSIS = YES;
				CLANG_WARN_STRICT_PROTOTYPES = YES;
				CLANG_WARN_SUSPICIOUS_MOVE = YES;
				CLANG_WARN_UNGUARDED_AVAILABILITY = YES_AGGRESSIVE;
				CLANG_WARN_UNREACHABLE_CODE = YES;
				CLANG_WARN__DUPLICATE_METHOD_MATCH = YES;
				CODE_SIGN_IDENTITY = "iPhone Developer";
				COPY_PHASE_STRIP = NO;
				DEBUG_INFORMATION_FORMAT = "dwarf-with-dsym";
				ENABLE_NS_ASSERTIONS = NO;
				ENABLE_STRICT_OBJC_MSGSEND = YES;
				GCC_C_LANGUAGE_STANDARD = gnu11;
				GCC_NO_COMMON_BLOCKS = YES;
				GCC_WARN_64_TO_32_BIT_CONVERSION = YES;
				GCC_WARN_ABOUT_RETURN_TYPE = YES_ERROR;
				GCC_WARN_UNDECLARED_SELECTOR = YES;
				GCC_WARN_UNINITIALIZED_AUTOS = YES_AGGRESSIVE;
				GCC_WARN_UNUSED_FUNCTION = YES;
				GCC_WARN_UNUSED_VARIABLE = YES;
				IPHONEOS_DEPLOYMENT_TARGET = 10.0;
				MTL_ENABLE_DEBUG_INFO = NO;
				SDKROOT = iphoneos;
				SWIFT_COMPILATION_MODE = wholemodule;
				SWIFT_OPTIMIZATION_LEVEL = "-O";
				VALIDATE_PRODUCT = YES;
			};
			name = Release;
		};
		AC63326420FA95C3007E5D98 /* Debug */ = {
			isa = XCBuildConfiguration;
			baseConfigurationReference = 5BFA439337F32B88E74100A9 /* Pods-SkateBudapest.debug.xcconfig */;
			buildSettings = {
				ASSETCATALOG_COMPILER_APPICON_NAME = AppIcon;
				CODE_SIGN_STYLE = Automatic;
				DEVELOPMENT_TEAM = UW8QF9DSWQ;
				INFOPLIST_FILE = "$(SRCROOT)/SkateBudapest/Supporting Files/Info.plist";
				IPHONEOS_DEPLOYMENT_TARGET = 10.3;
				LD_RUNPATH_SEARCH_PATHS = (
					"$(inherited)",
					"@executable_path/Frameworks",
				);
				PRODUCT_BUNDLE_IDENTIFIER = com.balazs630.SkateBudapest;
				PRODUCT_NAME = "$(TARGET_NAME)";
				SWIFT_VERSION = 5.0;
				TARGETED_DEVICE_FAMILY = "1,2";
			};
			name = Debug;
		};
		AC63326520FA95C3007E5D98 /* Release */ = {
			isa = XCBuildConfiguration;
			baseConfigurationReference = 8F4E8B82433073F1FF792AD8 /* Pods-SkateBudapest.release.xcconfig */;
			buildSettings = {
				ASSETCATALOG_COMPILER_APPICON_NAME = AppIcon;
				CODE_SIGN_STYLE = Automatic;
				DEVELOPMENT_TEAM = UW8QF9DSWQ;
				INFOPLIST_FILE = "$(SRCROOT)/SkateBudapest/Supporting Files/Info.plist";
				IPHONEOS_DEPLOYMENT_TARGET = 10.3;
				LD_RUNPATH_SEARCH_PATHS = (
					"$(inherited)",
					"@executable_path/Frameworks",
				);
				PRODUCT_BUNDLE_IDENTIFIER = com.balazs630.SkateBudapest;
				PRODUCT_NAME = "$(TARGET_NAME)";
				SWIFT_VERSION = 5.0;
				TARGETED_DEVICE_FAMILY = "1,2";
			};
			name = Release;
		};
/* End XCBuildConfiguration section */

/* Begin XCConfigurationList section */
		AC63324C20FA95C2007E5D98 /* Build configuration list for PBXProject "SkateBudapest" */ = {
			isa = XCConfigurationList;
			buildConfigurations = (
				AC63326120FA95C3007E5D98 /* Debug */,
				AC63326220FA95C3007E5D98 /* Release */,
			);
			defaultConfigurationIsVisible = 0;
			defaultConfigurationName = Release;
		};
		AC63326320FA95C3007E5D98 /* Build configuration list for PBXNativeTarget "SkateBudapest" */ = {
			isa = XCConfigurationList;
			buildConfigurations = (
				AC63326420FA95C3007E5D98 /* Debug */,
				AC63326520FA95C3007E5D98 /* Release */,
			);
			defaultConfigurationIsVisible = 0;
			defaultConfigurationName = Release;
		};
/* End XCConfigurationList section */
	};
	rootObject = AC63324920FA95C2007E5D98 /* Project object */;
}
